// !$*UTF8*$!
{
	archiveVersion = 1;
	classes = {
	};
	objectVersion = 55;
	objects = {

/* Begin PBXBuildFile section */
		02092CA3CE508DA58B448B66 /* SnapKit.framework in Frameworks */ = {isa = PBXBuildFile; fileRef = D54D8AD860544E5F81833949 /* SnapKit.framework */; platformFilter = ios; };
		05644A4E4D0F0B07EEC99CE8 /* Nimble.framework in Frameworks */ = {isa = PBXBuildFile; fileRef = DFD67F62724F7A4FE5471979 /* Nimble.framework */; platformFilter = ios; };
		06E71ED4D6E19661FCC63834 /* Alamofire.framework in Embed Frameworks */ = {isa = PBXBuildFile; fileRef = C9ED61C167AF05910E327C34 /* Alamofire.framework */; platformFilter = ios; settings = {ATTRIBUTES = (CodeSignOnCopy, RemoveHeadersOnCopy, ); }; };
		0A0BE89E2BBB228F82F90FBE /* RxTest.framework in Frameworks */ = {isa = PBXBuildFile; fileRef = C8395769F6A237911956CC5F /* RxTest.framework */; platformFilter = ios; };
		11D31A20567E073EA29308F9 /* BonMot.framework in Frameworks */ = {isa = PBXBuildFile; fileRef = AAB066AA73F22FD453422F93 /* BonMot.framework */; platformFilter = ios; };
		122A3B6185E881A59E3E05A2 /* CwlMachBadInstructionHandler.framework in Frameworks */ = {isa = PBXBuildFile; fileRef = 08AC58B31CE5D330DF01DCA0 /* CwlMachBadInstructionHandler.framework */; platformFilter = ios; };
		128E4EDF8B82E2ACFE119532 /* RxBlocking.framework in Frameworks */ = {isa = PBXBuildFile; fileRef = 53399836ECE38F4D4146AB26 /* RxBlocking.framework */; platformFilter = ios; };
		188E73B40AC7E2E171BA25EE /* RxBlocking.framework in Frameworks */ = {isa = PBXBuildFile; fileRef = 53399836ECE38F4D4146AB26 /* RxBlocking.framework */; platformFilter = ios; };
		1B56F2401E59F1C18D08C53C /* RxSwift.framework in Frameworks */ = {isa = PBXBuildFile; fileRef = 857A6B3927175F05DBA0894C /* RxSwift.framework */; platformFilter = ios; };
		20CFC92FAE62235A6613C072 /* Util.framework in Embed Frameworks */ = {isa = PBXBuildFile; fileRef = C1854A10E1571AB74AF2D3AD /* Util.framework */; platformFilter = ios; settings = {ATTRIBUTES = (CodeSignOnCopy, RemoveHeadersOnCopy, ); }; };
		2184528AF14850CC36DD6166 /* Nimble.framework in Frameworks */ = {isa = PBXBuildFile; fileRef = DFD67F62724F7A4FE5471979 /* Nimble.framework */; platformFilter = ios; };
		229A3B3F863B362D557EA12E /* AppDelegate.swift in Sources */ = {isa = PBXBuildFile; fileRef = 0467B1DE76B88605AA8F086B /* AppDelegate.swift */; };
		2A9E1E6F451262F9802EE79C /* RxSwift.framework in Frameworks */ = {isa = PBXBuildFile; fileRef = 857A6B3927175F05DBA0894C /* RxSwift.framework */; platformFilter = ios; };
		2D391947CB503553BA05E384 /* Then.framework in Frameworks */ = {isa = PBXBuildFile; fileRef = 22035A8B1DCF7CC4C64F8BAA /* Then.framework */; platformFilter = ios; };
		3309951B28199BE061E5D949 /* RxTest.framework in Embed Frameworks */ = {isa = PBXBuildFile; fileRef = C8395769F6A237911956CC5F /* RxTest.framework */; platformFilter = ios; settings = {ATTRIBUTES = (CodeSignOnCopy, RemoveHeadersOnCopy, ); }; };
		3FB5F86F75DB4C2C3CA5A3F8 /* RxSwift.framework in Frameworks */ = {isa = PBXBuildFile; fileRef = 857A6B3927175F05DBA0894C /* RxSwift.framework */; platformFilter = ios; };
		42B8D0200DCF21C352BB8B9B /* CwlCatchExceptionSupport.framework in Frameworks */ = {isa = PBXBuildFile; fileRef = A9396A785F0CDEE8DAF9F7FF /* CwlCatchExceptionSupport.framework */; platformFilter = ios; };
		4AC3E64C0ADE9DDC82F00ECD /* CwlCatchException.framework in Frameworks */ = {isa = PBXBuildFile; fileRef = 11453C448FB8D9845B17A934 /* CwlCatchException.framework */; platformFilter = ios; };
		50D0065421EDB0A73AEAC952 /* RxMoya.framework in Embed Frameworks */ = {isa = PBXBuildFile; fileRef = FFDC78DD782FEBB8C2E19924 /* RxMoya.framework */; platformFilter = ios; settings = {ATTRIBUTES = (CodeSignOnCopy, RemoveHeadersOnCopy, ); }; };
		51149048E76D34AB8BA1A02A /* CwlCatchException.framework in Frameworks */ = {isa = PBXBuildFile; fileRef = 11453C448FB8D9845B17A934 /* CwlCatchException.framework */; platformFilter = ios; };
		51CAFE4B46CFC58A47A2984E /* ReactorKit.framework in Frameworks */ = {isa = PBXBuildFile; fileRef = 8E59239A0D887722C24A36A2 /* ReactorKit.framework */; platformFilter = ios; };
		54819C1C7FFB3D8235E1094B /* CommonUI.framework in Embed Frameworks */ = {isa = PBXBuildFile; fileRef = B5BFB7F3FC0C872D014894C4 /* CommonUI.framework */; platformFilter = ios; settings = {ATTRIBUTES = (CodeSignOnCopy, RemoveHeadersOnCopy, ); }; };
		54922673291BA813000D3173 /* CategoryPickerViewController.swift in Sources */ = {isa = PBXBuildFile; fileRef = 54922672291BA813000D3173 /* CategoryPickerViewController.swift */; };
		54922674291BA813000D3173 /* CategoryPickerViewController.swift in Sources */ = {isa = PBXBuildFile; fileRef = 54922672291BA813000D3173 /* CategoryPickerViewController.swift */; };
		54F2979029177EF100F695EA /* RegiBusinessOneViewController.swift in Sources */ = {isa = PBXBuildFile; fileRef = 54F2978E29177EED00F695EA /* RegiBusinessOneViewController.swift */; };
		54F2979129177EF200F695EA /* RegiBusinessOneViewController.swift in Sources */ = {isa = PBXBuildFile; fileRef = 54F2978E29177EED00F695EA /* RegiBusinessOneViewController.swift */; };
		54F2979229177F0F00F695EA /* AppDelegate.swift in Sources */ = {isa = PBXBuildFile; fileRef = 54F2978629177D7600F695EA /* AppDelegate.swift */; };
		54F2979329177F1000F695EA /* AppDelegate.swift in Sources */ = {isa = PBXBuildFile; fileRef = 54F2978629177D7600F695EA /* AppDelegate.swift */; };
		5521198C8AE541689EB9C7C4 /* BonMot.framework in Embed Frameworks */ = {isa = PBXBuildFile; fileRef = AAB066AA73F22FD453422F93 /* BonMot.framework */; platformFilter = ios; settings = {ATTRIBUTES = (CodeSignOnCopy, RemoveHeadersOnCopy, ); }; };
		576C6898E1A19118657721DE /* Moya.framework in Embed Frameworks */ = {isa = PBXBuildFile; fileRef = 3C6B1A5A22822F97EE0FBF70 /* Moya.framework */; platformFilter = ios; settings = {ATTRIBUTES = (CodeSignOnCopy, RemoveHeadersOnCopy, ); }; };
		5871A800B0D2C8496704C2C2 /* RxRelay.framework in Embed Frameworks */ = {isa = PBXBuildFile; fileRef = DB99ECD3279378E6E07FD805 /* RxRelay.framework */; platformFilter = ios; settings = {ATTRIBUTES = (CodeSignOnCopy, RemoveHeadersOnCopy, ); }; };
		58DAD08A3FE96C02DB3C7573 /* RegisterBusiness.framework in Frameworks */ = {isa = PBXBuildFile; fileRef = 28BDFDA47E2C63BC820C5C91 /* RegisterBusiness.framework */; platformFilter = ios; };
		5A0E94A6B940AE2AD30A8970 /* RxNimble.framework in Frameworks */ = {isa = PBXBuildFile; fileRef = 8A6E7E28DF2E9685908B3879 /* RxNimble.framework */; platformFilter = ios; };
		5D6F27BE2BB0218E890DB63F /* ReactorKit.framework in Embed Frameworks */ = {isa = PBXBuildFile; fileRef = 8E59239A0D887722C24A36A2 /* ReactorKit.framework */; platformFilter = ios; settings = {ATTRIBUTES = (CodeSignOnCopy, RemoveHeadersOnCopy, ); }; };
		646FAB96BDF7C4D81F6264BF /* RegiBusinessOneViewController.swift in Sources */ = {isa = PBXBuildFile; fileRef = 51B275B16B4A7ED95819FFAF /* RegiBusinessOneViewController.swift */; };
		6D676667D69A781973DBB020 /* CommonUI.framework in Frameworks */ = {isa = PBXBuildFile; fileRef = B5BFB7F3FC0C872D014894C4 /* CommonUI.framework */; platformFilter = ios; };
		6E8175DDE951E58715DA78AE /* CwlPosixPreconditionTesting.framework in Frameworks */ = {isa = PBXBuildFile; fileRef = 0D55C6020372209921286DC1 /* CwlPosixPreconditionTesting.framework */; platformFilter = ios; };
		7EE5B422D12A4D59B9738F0A /* CwlPreconditionTesting.framework in Frameworks */ = {isa = PBXBuildFile; fileRef = BBBA23362E7C99A8CEECB0AF /* CwlPreconditionTesting.framework */; platformFilter = ios; };
		828CEB725B6DCDFE24ED40C8 /* RxCocoaRuntime.framework in Embed Frameworks */ = {isa = PBXBuildFile; fileRef = 172FB34452D92CA4716C871A /* RxCocoaRuntime.framework */; platformFilter = ios; settings = {ATTRIBUTES = (CodeSignOnCopy, RemoveHeadersOnCopy, ); }; };
		8355DE913F2D26EE619F865F /* RegiBusinessOneViewController.swift in Sources */ = {isa = PBXBuildFile; fileRef = 51B275B16B4A7ED95819FFAF /* RegiBusinessOneViewController.swift */; };
		9D97DE190816BF804CEA6E6F /* Moya.framework in Frameworks */ = {isa = PBXBuildFile; fileRef = 3C6B1A5A22822F97EE0FBF70 /* Moya.framework */; platformFilter = ios; };
		A68273323460926EF62C6EBF /* RxTest.framework in Frameworks */ = {isa = PBXBuildFile; fileRef = C8395769F6A237911956CC5F /* RxTest.framework */; platformFilter = ios; };
		AD5352984640F0EB9509E39A /* CwlPosixPreconditionTesting.framework in Frameworks */ = {isa = PBXBuildFile; fileRef = 0D55C6020372209921286DC1 /* CwlPosixPreconditionTesting.framework */; platformFilter = ios; };
		B6FF432F3B7DD00291447293 /* CwlMachBadInstructionHandler.framework in Frameworks */ = {isa = PBXBuildFile; fileRef = 08AC58B31CE5D330DF01DCA0 /* CwlMachBadInstructionHandler.framework */; platformFilter = ios; };
		BAAF0CC7802A8CECE21FD924 /* RxCocoa.framework in Frameworks */ = {isa = PBXBuildFile; fileRef = 108A2AF267BE9CD2A14DDA10 /* RxCocoa.framework */; platformFilter = ios; };
		C603B66760B77B45129B89EF /* CwlPreconditionTesting.framework in Frameworks */ = {isa = PBXBuildFile; fileRef = BBBA23362E7C99A8CEECB0AF /* CwlPreconditionTesting.framework */; platformFilter = ios; };
		C8C14C0F8948B0EB15556FE3 /* RxNimble.framework in Frameworks */ = {isa = PBXBuildFile; fileRef = 8A6E7E28DF2E9685908B3879 /* RxNimble.framework */; platformFilter = ios; };
		CB27EF21229846803B2A3A77 /* AppDelegate.swift in Sources */ = {isa = PBXBuildFile; fileRef = 0467B1DE76B88605AA8F086B /* AppDelegate.swift */; };
		CCC70A5D64171E510D08EB63 /* RxMoya.framework in Frameworks */ = {isa = PBXBuildFile; fileRef = FFDC78DD782FEBB8C2E19924 /* RxMoya.framework */; platformFilter = ios; };
		E31240CE74A450F26605E4B4 /* Util.framework in Frameworks */ = {isa = PBXBuildFile; fileRef = C1854A10E1571AB74AF2D3AD /* Util.framework */; platformFilter = ios; };
		E49A9191468FF2434742E6DE /* RegisterBusiness.framework in Embed Frameworks */ = {isa = PBXBuildFile; fileRef = 28BDFDA47E2C63BC820C5C91 /* RegisterBusiness.framework */; platformFilter = ios; settings = {ATTRIBUTES = (CodeSignOnCopy, RemoveHeadersOnCopy, ); }; };
		E5E225A6D1BE20F09764E738 /* RxSwift.framework in Embed Frameworks */ = {isa = PBXBuildFile; fileRef = 857A6B3927175F05DBA0894C /* RxSwift.framework */; platformFilter = ios; settings = {ATTRIBUTES = (CodeSignOnCopy, RemoveHeadersOnCopy, ); }; };
		EC5FD31467B024436AAF7731 /* RxBlocking.framework in Embed Frameworks */ = {isa = PBXBuildFile; fileRef = 53399836ECE38F4D4146AB26 /* RxBlocking.framework */; platformFilter = ios; settings = {ATTRIBUTES = (CodeSignOnCopy, RemoveHeadersOnCopy, ); }; };
		ED73712B0CDCAE4310F9C7D3 /* RegisterBusiness.framework in Frameworks */ = {isa = PBXBuildFile; fileRef = 28BDFDA47E2C63BC820C5C91 /* RegisterBusiness.framework */; platformFilter = ios; };
		EFA8B2B1B23A2F9FFBECA1D3 /* RxCocoa.framework in Embed Frameworks */ = {isa = PBXBuildFile; fileRef = 108A2AF267BE9CD2A14DDA10 /* RxCocoa.framework */; platformFilter = ios; settings = {ATTRIBUTES = (CodeSignOnCopy, RemoveHeadersOnCopy, ); }; };
		F1CF799E6E4069163FD23C0D /* CwlCatchExceptionSupport.framework in Frameworks */ = {isa = PBXBuildFile; fileRef = A9396A785F0CDEE8DAF9F7FF /* CwlCatchExceptionSupport.framework */; platformFilter = ios; };
		F59425D750F30E0DAD48F9AA /* Then.framework in Embed Frameworks */ = {isa = PBXBuildFile; fileRef = 22035A8B1DCF7CC4C64F8BAA /* Then.framework */; platformFilter = ios; settings = {ATTRIBUTES = (CodeSignOnCopy, RemoveHeadersOnCopy, ); }; };
/* End PBXBuildFile section */

/* Begin PBXContainerItemProxy section */
		8EFD9FB0827801A930EA671A /* PBXContainerItemProxy */ = {
			isa = PBXContainerItemProxy;
			containerPortal = C6F05F9BD35B5912BCA00D36 /* Project object */;
			proxyType = 1;
			remoteGlobalIDString = 9E31F0FD5186241FA07F2892;
			remoteInfo = RegisterBusiness;
		};
		99075C8733D9DD7B88BA7F2A /* PBXContainerItemProxy */ = {
			isa = PBXContainerItemProxy;
			containerPortal = C6F05F9BD35B5912BCA00D36 /* Project object */;
			proxyType = 1;
			remoteGlobalIDString = 9E31F0FD5186241FA07F2892;
			remoteInfo = RegisterBusiness;
		};
		BCF86499FC4CF7FABA707B87 /* PBXContainerItemProxy */ = {
			isa = PBXContainerItemProxy;
			containerPortal = C6F05F9BD35B5912BCA00D36 /* Project object */;
			proxyType = 1;
			remoteGlobalIDString = 2349CF5F510EF8F6A9E726BF;
			remoteInfo = RegisterBusinessDemoApp;
		};
/* End PBXContainerItemProxy section */

/* Begin PBXCopyFilesBuildPhase section */
		1CB4C284A0C384E306F79F6D /* Embed Frameworks */ = {
			isa = PBXCopyFilesBuildPhase;
			buildActionMask = 2147483647;
			dstPath = "";
			dstSubfolderSpec = 10;
			files = (
				EC5FD31467B024436AAF7731 /* RxBlocking.framework in Embed Frameworks */,
				3309951B28199BE061E5D949 /* RxTest.framework in Embed Frameworks */,
			);
			name = "Embed Frameworks";
			runOnlyForDeploymentPostprocessing = 0;
		};
		22915DBAA520405410EA9CA1 /* Embed Frameworks */ = {
			isa = PBXCopyFilesBuildPhase;
			buildActionMask = 2147483647;
			dstPath = "";
			dstSubfolderSpec = 10;
			files = (
				06E71ED4D6E19661FCC63834 /* Alamofire.framework in Embed Frameworks */,
				5521198C8AE541689EB9C7C4 /* BonMot.framework in Embed Frameworks */,
				54819C1C7FFB3D8235E1094B /* CommonUI.framework in Embed Frameworks */,
				576C6898E1A19118657721DE /* Moya.framework in Embed Frameworks */,
				5D6F27BE2BB0218E890DB63F /* ReactorKit.framework in Embed Frameworks */,
				E49A9191468FF2434742E6DE /* RegisterBusiness.framework in Embed Frameworks */,
				EFA8B2B1B23A2F9FFBECA1D3 /* RxCocoa.framework in Embed Frameworks */,
				828CEB725B6DCDFE24ED40C8 /* RxCocoaRuntime.framework in Embed Frameworks */,
				50D0065421EDB0A73AEAC952 /* RxMoya.framework in Embed Frameworks */,
				5871A800B0D2C8496704C2C2 /* RxRelay.framework in Embed Frameworks */,
				E5E225A6D1BE20F09764E738 /* RxSwift.framework in Embed Frameworks */,
				F59425D750F30E0DAD48F9AA /* Then.framework in Embed Frameworks */,
				20CFC92FAE62235A6613C072 /* Util.framework in Embed Frameworks */,
			);
			name = "Embed Frameworks";
			runOnlyForDeploymentPostprocessing = 0;
		};
		357EEB0375948E401E286D66 /* Embed Frameworks */ = {
			isa = PBXCopyFilesBuildPhase;
			buildActionMask = 2147483647;
			dstPath = "";
			dstSubfolderSpec = 10;
			files = (
			);
			name = "Embed Frameworks";
			runOnlyForDeploymentPostprocessing = 0;
		};
		C22270113C08703DFA4BE9F4 /* Embed Frameworks */ = {
			isa = PBXCopyFilesBuildPhase;
			buildActionMask = 2147483647;
			dstPath = "";
			dstSubfolderSpec = 10;
			files = (
			);
			name = "Embed Frameworks";
			runOnlyForDeploymentPostprocessing = 0;
		};
/* End PBXCopyFilesBuildPhase section */

/* Begin PBXFileReference section */
		0467B1DE76B88605AA8F086B /* AppDelegate.swift */ = {isa = PBXFileReference; lastKnownFileType = sourcecode.swift; path = AppDelegate.swift; sourceTree = "<group>"; };
		08AC58B31CE5D330DF01DCA0 /* CwlMachBadInstructionHandler.framework */ = {isa = PBXFileReference; explicitFileType = wrapper.framework; includeInIndex = 0; path = CwlMachBadInstructionHandler.framework; sourceTree = BUILT_PRODUCTS_DIR; };
		0D55C6020372209921286DC1 /* CwlPosixPreconditionTesting.framework */ = {isa = PBXFileReference; explicitFileType = wrapper.framework; includeInIndex = 0; path = CwlPosixPreconditionTesting.framework; sourceTree = BUILT_PRODUCTS_DIR; };
		108A2AF267BE9CD2A14DDA10 /* RxCocoa.framework */ = {isa = PBXFileReference; explicitFileType = wrapper.framework; includeInIndex = 0; path = RxCocoa.framework; sourceTree = BUILT_PRODUCTS_DIR; };
		11453C448FB8D9845B17A934 /* CwlCatchException.framework */ = {isa = PBXFileReference; explicitFileType = wrapper.framework; includeInIndex = 0; path = CwlCatchException.framework; sourceTree = BUILT_PRODUCTS_DIR; };
		15C5464B25717A6622DB7855 /* RegisterBusinessDemoAppTests.xctest */ = {isa = PBXFileReference; explicitFileType = wrapper.cfbundle; includeInIndex = 0; path = RegisterBusinessDemoAppTests.xctest; sourceTree = BUILT_PRODUCTS_DIR; };
		172FB34452D92CA4716C871A /* RxCocoaRuntime.framework */ = {isa = PBXFileReference; explicitFileType = wrapper.framework; includeInIndex = 0; path = RxCocoaRuntime.framework; sourceTree = BUILT_PRODUCTS_DIR; };
		1C6CBB71F0F0EFF067733E7D /* RegisterBusinessDemoApp.app */ = {isa = PBXFileReference; explicitFileType = wrapper.application; includeInIndex = 0; path = RegisterBusinessDemoApp.app; sourceTree = BUILT_PRODUCTS_DIR; };
		1DEF5B5F6B164B374580E53F /* RegisterBusinessTests.xctest */ = {isa = PBXFileReference; explicitFileType = wrapper.cfbundle; includeInIndex = 0; path = RegisterBusinessTests.xctest; sourceTree = BUILT_PRODUCTS_DIR; };
		22035A8B1DCF7CC4C64F8BAA /* Then.framework */ = {isa = PBXFileReference; explicitFileType = wrapper.framework; includeInIndex = 0; path = Then.framework; sourceTree = BUILT_PRODUCTS_DIR; };
		28BDFDA47E2C63BC820C5C91 /* RegisterBusiness.framework */ = {isa = PBXFileReference; explicitFileType = wrapper.framework; includeInIndex = 0; path = RegisterBusiness.framework; sourceTree = BUILT_PRODUCTS_DIR; };
		2E8F38E923048AD0602FDCF9 /* RegisterBusinessDemoApp-Info.plist */ = {isa = PBXFileReference; lastKnownFileType = text.plist; path = "RegisterBusinessDemoApp-Info.plist"; sourceTree = "<group>"; };
		3C6B1A5A22822F97EE0FBF70 /* Moya.framework */ = {isa = PBXFileReference; explicitFileType = wrapper.framework; includeInIndex = 0; path = Moya.framework; sourceTree = BUILT_PRODUCTS_DIR; };
		4A39C99A6762814429BBF9E1 /* RegisterBusinessTests-Info.plist */ = {isa = PBXFileReference; lastKnownFileType = text.plist; path = "RegisterBusinessTests-Info.plist"; sourceTree = "<group>"; };
		51B275B16B4A7ED95819FFAF /* RegiBusinessOneViewController.swift */ = {isa = PBXFileReference; lastKnownFileType = sourcecode.swift; path = RegiBusinessOneViewController.swift; sourceTree = "<group>"; };
		53399836ECE38F4D4146AB26 /* RxBlocking.framework */ = {isa = PBXFileReference; explicitFileType = wrapper.framework; includeInIndex = 0; path = RxBlocking.framework; sourceTree = BUILT_PRODUCTS_DIR; };
		54922672291BA813000D3173 /* CategoryPickerViewController.swift */ = {isa = PBXFileReference; lastKnownFileType = sourcecode.swift; path = CategoryPickerViewController.swift; sourceTree = "<group>"; };
		54F2978629177D7600F695EA /* AppDelegate.swift */ = {isa = PBXFileReference; lastKnownFileType = sourcecode.swift; path = AppDelegate.swift; sourceTree = "<group>"; };
		54F2978E29177EED00F695EA /* RegiBusinessOneViewController.swift */ = {isa = PBXFileReference; lastKnownFileType = sourcecode.swift; path = RegiBusinessOneViewController.swift; sourceTree = "<group>"; };
		857A6B3927175F05DBA0894C /* RxSwift.framework */ = {isa = PBXFileReference; explicitFileType = wrapper.framework; includeInIndex = 0; path = RxSwift.framework; sourceTree = BUILT_PRODUCTS_DIR; };
		8A6E7E28DF2E9685908B3879 /* RxNimble.framework */ = {isa = PBXFileReference; explicitFileType = wrapper.framework; includeInIndex = 0; path = RxNimble.framework; sourceTree = BUILT_PRODUCTS_DIR; };
		8E59239A0D887722C24A36A2 /* ReactorKit.framework */ = {isa = PBXFileReference; explicitFileType = wrapper.framework; includeInIndex = 0; path = ReactorKit.framework; sourceTree = BUILT_PRODUCTS_DIR; };
		8ECF5FE88C48119B2AC7E9F1 /* RegisterBusinessDemoAppTests-Info.plist */ = {isa = PBXFileReference; lastKnownFileType = text.plist; path = "RegisterBusinessDemoAppTests-Info.plist"; sourceTree = "<group>"; };
		9F76F975AE32A2B3ADAFAE78 /* RegisterBusiness-Info.plist */ = {isa = PBXFileReference; lastKnownFileType = text.plist; path = "RegisterBusiness-Info.plist"; sourceTree = "<group>"; };
		A9396A785F0CDEE8DAF9F7FF /* CwlCatchExceptionSupport.framework */ = {isa = PBXFileReference; explicitFileType = wrapper.framework; includeInIndex = 0; path = CwlCatchExceptionSupport.framework; sourceTree = BUILT_PRODUCTS_DIR; };
		AAB066AA73F22FD453422F93 /* BonMot.framework */ = {isa = PBXFileReference; explicitFileType = wrapper.framework; includeInIndex = 0; path = BonMot.framework; sourceTree = BUILT_PRODUCTS_DIR; };
		B5BFB7F3FC0C872D014894C4 /* CommonUI.framework */ = {isa = PBXFileReference; explicitFileType = wrapper.framework; includeInIndex = 0; path = CommonUI.framework; sourceTree = BUILT_PRODUCTS_DIR; };
		BBBA23362E7C99A8CEECB0AF /* CwlPreconditionTesting.framework */ = {isa = PBXFileReference; explicitFileType = wrapper.framework; includeInIndex = 0; path = CwlPreconditionTesting.framework; sourceTree = BUILT_PRODUCTS_DIR; };
		C1854A10E1571AB74AF2D3AD /* Util.framework */ = {isa = PBXFileReference; explicitFileType = wrapper.framework; includeInIndex = 0; path = Util.framework; sourceTree = BUILT_PRODUCTS_DIR; };
		C8395769F6A237911956CC5F /* RxTest.framework */ = {isa = PBXFileReference; explicitFileType = wrapper.framework; includeInIndex = 0; path = RxTest.framework; sourceTree = BUILT_PRODUCTS_DIR; };
		C9ED61C167AF05910E327C34 /* Alamofire.framework */ = {isa = PBXFileReference; explicitFileType = wrapper.framework; includeInIndex = 0; path = Alamofire.framework; sourceTree = BUILT_PRODUCTS_DIR; };
		D54D8AD860544E5F81833949 /* SnapKit.framework */ = {isa = PBXFileReference; explicitFileType = wrapper.framework; includeInIndex = 0; path = SnapKit.framework; sourceTree = BUILT_PRODUCTS_DIR; };
		DB99ECD3279378E6E07FD805 /* RxRelay.framework */ = {isa = PBXFileReference; explicitFileType = wrapper.framework; includeInIndex = 0; path = RxRelay.framework; sourceTree = BUILT_PRODUCTS_DIR; };
		DFD67F62724F7A4FE5471979 /* Nimble.framework */ = {isa = PBXFileReference; explicitFileType = wrapper.framework; includeInIndex = 0; path = Nimble.framework; sourceTree = BUILT_PRODUCTS_DIR; };
		FFDC78DD782FEBB8C2E19924 /* RxMoya.framework */ = {isa = PBXFileReference; explicitFileType = wrapper.framework; includeInIndex = 0; path = RxMoya.framework; sourceTree = BUILT_PRODUCTS_DIR; };
/* End PBXFileReference section */

/* Begin PBXFrameworksBuildPhase section */
		2ADDDB4F74EEE977BCD6B809 /* Frameworks */ = {
			isa = PBXFrameworksBuildPhase;
			buildActionMask = 2147483647;
			files = (
				4AC3E64C0ADE9DDC82F00ECD /* CwlCatchException.framework in Frameworks */,
				42B8D0200DCF21C352BB8B9B /* CwlCatchExceptionSupport.framework in Frameworks */,
				B6FF432F3B7DD00291447293 /* CwlMachBadInstructionHandler.framework in Frameworks */,
				AD5352984640F0EB9509E39A /* CwlPosixPreconditionTesting.framework in Frameworks */,
				C603B66760B77B45129B89EF /* CwlPreconditionTesting.framework in Frameworks */,
				2184528AF14850CC36DD6166 /* Nimble.framework in Frameworks */,
				58DAD08A3FE96C02DB3C7573 /* RegisterBusiness.framework in Frameworks */,
				188E73B40AC7E2E171BA25EE /* RxBlocking.framework in Frameworks */,
				5A0E94A6B940AE2AD30A8970 /* RxNimble.framework in Frameworks */,
				1B56F2401E59F1C18D08C53C /* RxSwift.framework in Frameworks */,
				0A0BE89E2BBB228F82F90FBE /* RxTest.framework in Frameworks */,
			);
			runOnlyForDeploymentPostprocessing = 0;
		};
		5DDB83396C9099590B872D54 /* Frameworks */ = {
			isa = PBXFrameworksBuildPhase;
			buildActionMask = 2147483647;
			files = (
				51149048E76D34AB8BA1A02A /* CwlCatchException.framework in Frameworks */,
				F1CF799E6E4069163FD23C0D /* CwlCatchExceptionSupport.framework in Frameworks */,
				122A3B6185E881A59E3E05A2 /* CwlMachBadInstructionHandler.framework in Frameworks */,
				6E8175DDE951E58715DA78AE /* CwlPosixPreconditionTesting.framework in Frameworks */,
				7EE5B422D12A4D59B9738F0A /* CwlPreconditionTesting.framework in Frameworks */,
				05644A4E4D0F0B07EEC99CE8 /* Nimble.framework in Frameworks */,
				128E4EDF8B82E2ACFE119532 /* RxBlocking.framework in Frameworks */,
				C8C14C0F8948B0EB15556FE3 /* RxNimble.framework in Frameworks */,
				2A9E1E6F451262F9802EE79C /* RxSwift.framework in Frameworks */,
				A68273323460926EF62C6EBF /* RxTest.framework in Frameworks */,
			);
			runOnlyForDeploymentPostprocessing = 0;
		};
		936E65283E3A2A554D4B773E /* Frameworks */ = {
			isa = PBXFrameworksBuildPhase;
			buildActionMask = 2147483647;
			files = (
				11D31A20567E073EA29308F9 /* BonMot.framework in Frameworks */,
				6D676667D69A781973DBB020 /* CommonUI.framework in Frameworks */,
				9D97DE190816BF804CEA6E6F /* Moya.framework in Frameworks */,
				51CAFE4B46CFC58A47A2984E /* ReactorKit.framework in Frameworks */,
				BAAF0CC7802A8CECE21FD924 /* RxCocoa.framework in Frameworks */,
				CCC70A5D64171E510D08EB63 /* RxMoya.framework in Frameworks */,
				3FB5F86F75DB4C2C3CA5A3F8 /* RxSwift.framework in Frameworks */,
				02092CA3CE508DA58B448B66 /* SnapKit.framework in Frameworks */,
				2D391947CB503553BA05E384 /* Then.framework in Frameworks */,
				E31240CE74A450F26605E4B4 /* Util.framework in Frameworks */,
			);
			runOnlyForDeploymentPostprocessing = 0;
		};
		AFDB5AD9596A998037DF6659 /* Frameworks */ = {
			isa = PBXFrameworksBuildPhase;
			buildActionMask = 2147483647;
			files = (
				ED73712B0CDCAE4310F9C7D3 /* RegisterBusiness.framework in Frameworks */,
			);
			runOnlyForDeploymentPostprocessing = 0;
		};
/* End PBXFrameworksBuildPhase section */

/* Begin PBXGroup section */
		09FBFDC0B1413705F09F251C /* Project */ = {
			isa = PBXGroup;
			children = (
				81CB3E16409FADD3391EDC2A /* Sources */,
				54F2978529177D4600F695EA /* Tests */,
				54F2978429177D3F00F695EA /* Sources */,
				54F2978329177D3C00F695EA /* Resources */,
				6FF611B147322339D77763AF /* Derived */,
			);
			name = Project;
			sourceTree = "<group>";
		};
		440F0C206F3E0805E4423A3F /* InfoPlists */ = {
			isa = PBXGroup;
			children = (
				9F76F975AE32A2B3ADAFAE78 /* RegisterBusiness-Info.plist */,
				2E8F38E923048AD0602FDCF9 /* RegisterBusinessDemoApp-Info.plist */,
				8ECF5FE88C48119B2AC7E9F1 /* RegisterBusinessDemoAppTests-Info.plist */,
				4A39C99A6762814429BBF9E1 /* RegisterBusinessTests-Info.plist */,
			);
			path = InfoPlists;
			sourceTree = "<group>";
		};
		54F2978329177D3C00F695EA /* Resources */ = {
			isa = PBXGroup;
			children = (
			);
			path = Resources;
			sourceTree = "<group>";
		};
		54F2978429177D3F00F695EA /* Sources */ = {
			isa = PBXGroup;
			children = (
				54F2978829177D9200F695EA /* Scene */,
				54F2978629177D7600F695EA /* AppDelegate.swift */,
			);
			path = Sources;
			sourceTree = "<group>";
		};
		54F2978529177D4600F695EA /* Tests */ = {
			isa = PBXGroup;
			children = (
			);
			path = Tests;
			sourceTree = "<group>";
		};
		54F2978829177D9200F695EA /* Scene */ = {
			isa = PBXGroup;
			children = (
				54F2978E29177EED00F695EA /* RegiBusinessOneViewController.swift */,
				54922672291BA813000D3173 /* CategoryPickerViewController.swift */,
			);
			path = Scene;
			sourceTree = "<group>";
		};
		6FF611B147322339D77763AF /* Derived */ = {
			isa = PBXGroup;
			children = (
				440F0C206F3E0805E4423A3F /* InfoPlists */,
			);
			path = Derived;
			sourceTree = "<group>";
		};
		81CB3E16409FADD3391EDC2A /* Sources */ = {
			isa = PBXGroup;
			children = (
				E792571968DF24C5659EF398 /* Scene */,
				0467B1DE76B88605AA8F086B /* AppDelegate.swift */,
			);
			path = Sources;
			sourceTree = "<group>";
		};
		89F95F4B90C3598E5EE4AAFA = {
			isa = PBXGroup;
			children = (
				09FBFDC0B1413705F09F251C /* Project */,
				CC8A448B3CEBFD0AF0BA30CD /* Frameworks */,
				FC09472AC10B8D03E0EEA65B /* Products */,
			);
			sourceTree = "<group>";
		};
		CC8A448B3CEBFD0AF0BA30CD /* Frameworks */ = {
			isa = PBXGroup;
			children = (
			);
			name = Frameworks;
			sourceTree = "<group>";
		};
		E792571968DF24C5659EF398 /* Scene */ = {
			isa = PBXGroup;
			children = (
				51B275B16B4A7ED95819FFAF /* RegiBusinessOneViewController.swift */,
			);
			path = Scene;
			sourceTree = "<group>";
		};
		FC09472AC10B8D03E0EEA65B /* Products */ = {
			isa = PBXGroup;
			children = (
				C9ED61C167AF05910E327C34 /* Alamofire.framework */,
				AAB066AA73F22FD453422F93 /* BonMot.framework */,
				B5BFB7F3FC0C872D014894C4 /* CommonUI.framework */,
				11453C448FB8D9845B17A934 /* CwlCatchException.framework */,
				A9396A785F0CDEE8DAF9F7FF /* CwlCatchExceptionSupport.framework */,
				08AC58B31CE5D330DF01DCA0 /* CwlMachBadInstructionHandler.framework */,
				0D55C6020372209921286DC1 /* CwlPosixPreconditionTesting.framework */,
				BBBA23362E7C99A8CEECB0AF /* CwlPreconditionTesting.framework */,
				3C6B1A5A22822F97EE0FBF70 /* Moya.framework */,
				DFD67F62724F7A4FE5471979 /* Nimble.framework */,
				8E59239A0D887722C24A36A2 /* ReactorKit.framework */,
				28BDFDA47E2C63BC820C5C91 /* RegisterBusiness.framework */,
				1C6CBB71F0F0EFF067733E7D /* RegisterBusinessDemoApp.app */,
				15C5464B25717A6622DB7855 /* RegisterBusinessDemoAppTests.xctest */,
				1DEF5B5F6B164B374580E53F /* RegisterBusinessTests.xctest */,
				53399836ECE38F4D4146AB26 /* RxBlocking.framework */,
				108A2AF267BE9CD2A14DDA10 /* RxCocoa.framework */,
				172FB34452D92CA4716C871A /* RxCocoaRuntime.framework */,
				FFDC78DD782FEBB8C2E19924 /* RxMoya.framework */,
				8A6E7E28DF2E9685908B3879 /* RxNimble.framework */,
				DB99ECD3279378E6E07FD805 /* RxRelay.framework */,
				857A6B3927175F05DBA0894C /* RxSwift.framework */,
				C8395769F6A237911956CC5F /* RxTest.framework */,
				D54D8AD860544E5F81833949 /* SnapKit.framework */,
				22035A8B1DCF7CC4C64F8BAA /* Then.framework */,
				C1854A10E1571AB74AF2D3AD /* Util.framework */,
			);
			name = Products;
			sourceTree = "<group>";
		};
/* End PBXGroup section */

/* Begin PBXNativeTarget section */
		2349CF5F510EF8F6A9E726BF /* RegisterBusinessDemoApp */ = {
			isa = PBXNativeTarget;
			buildConfigurationList = 61413EDD03790C987BEE612C /* Build configuration list for PBXNativeTarget "RegisterBusinessDemoApp" */;
			buildPhases = (
				A11FE5FB513D49192CE8AF26 /* Sources */,
				B89E6B9C9A018FD4F0309916 /* Resources */,
				22915DBAA520405410EA9CA1 /* Embed Frameworks */,
				AFDB5AD9596A998037DF6659 /* Frameworks */,
			);
			buildRules = (
			);
			dependencies = (
				6B01EE4A6C686264A214BCC0 /* PBXTargetDependency */,
			);
			name = RegisterBusinessDemoApp;
			productName = RegisterBusinessDemoApp;
			productReference = 1C6CBB71F0F0EFF067733E7D /* RegisterBusinessDemoApp.app */;
			productType = "com.apple.product-type.application";
		};
		7C563B874AFCE250A0FD5DE4 /* RegisterBusinessTests */ = {
			isa = PBXNativeTarget;
			buildConfigurationList = 18E524DD0499D574A3C27E5F /* Build configuration list for PBXNativeTarget "RegisterBusinessTests" */;
			buildPhases = (
				2B659F87E08C640ADB46B0F1 /* Sources */,
				1D4CC80B38457564A9725FC6 /* Resources */,
				357EEB0375948E401E286D66 /* Embed Frameworks */,
				2ADDDB4F74EEE977BCD6B809 /* Frameworks */,
			);
			buildRules = (
			);
			dependencies = (
				56D16A31C6BF60C89CFBD3AC /* PBXTargetDependency */,
			);
			name = RegisterBusinessTests;
			productName = RegisterBusinessTests;
			productReference = 1DEF5B5F6B164B374580E53F /* RegisterBusinessTests.xctest */;
			productType = "com.apple.product-type.bundle.unit-test";
		};
		9E31F0FD5186241FA07F2892 /* RegisterBusiness */ = {
			isa = PBXNativeTarget;
			buildConfigurationList = D39561EA63F3934B681B153A /* Build configuration list for PBXNativeTarget "RegisterBusiness" */;
			buildPhases = (
				E5F00A0D79FDE80EA85DBD71 /* Sources */,
				0EEF48455A67C566A54184C3 /* Resources */,
				C22270113C08703DFA4BE9F4 /* Embed Frameworks */,
				936E65283E3A2A554D4B773E /* Frameworks */,
			);
			buildRules = (
			);
			dependencies = (
			);
			name = RegisterBusiness;
			productName = RegisterBusiness;
			productReference = 28BDFDA47E2C63BC820C5C91 /* RegisterBusiness.framework */;
			productType = "com.apple.product-type.framework";
		};
		AC4B282F46204717DF6627FB /* RegisterBusinessDemoAppTests */ = {
			isa = PBXNativeTarget;
			buildConfigurationList = BC513A1BA9BB6029368D027C /* Build configuration list for PBXNativeTarget "RegisterBusinessDemoAppTests" */;
			buildPhases = (
				87DCFD800C11E63AA66EAF50 /* Sources */,
				BE9CEF47CFD162D2BD482263 /* Resources */,
				1CB4C284A0C384E306F79F6D /* Embed Frameworks */,
				5DDB83396C9099590B872D54 /* Frameworks */,
			);
			buildRules = (
			);
			dependencies = (
				46915D26578A05344045DDE1 /* PBXTargetDependency */,
			);
			name = RegisterBusinessDemoAppTests;
			productName = RegisterBusinessDemoAppTests;
			productReference = 15C5464B25717A6622DB7855 /* RegisterBusinessDemoAppTests.xctest */;
			productType = "com.apple.product-type.bundle.unit-test";
		};
/* End PBXNativeTarget section */

/* Begin PBXProject section */
		C6F05F9BD35B5912BCA00D36 /* Project object */ = {
			isa = PBXProject;
			attributes = {
				ORGANIZATIONNAME = team.io;
				TargetAttributes = {
					AC4B282F46204717DF6627FB = {
						LastSwiftMigration = 1400;
						TestTargetID = 2349CF5F510EF8F6A9E726BF;
					};
				};
			};
			buildConfigurationList = 62B6D00CAF356B5CF9E56994 /* Build configuration list for PBXProject "RegisterBusiness" */;
			compatibilityVersion = "Xcode 13.0";
			developmentRegion = en;
			hasScannedForEncodings = 0;
			knownRegions = (
				Base,
				en,
			);
			mainGroup = 89F95F4B90C3598E5EE4AAFA;
			productRefGroup = FC09472AC10B8D03E0EEA65B /* Products */;
			projectDirPath = "";
			projectRoot = "";
			targets = (
				9E31F0FD5186241FA07F2892 /* RegisterBusiness */,
				2349CF5F510EF8F6A9E726BF /* RegisterBusinessDemoApp */,
				AC4B282F46204717DF6627FB /* RegisterBusinessDemoAppTests */,
				7C563B874AFCE250A0FD5DE4 /* RegisterBusinessTests */,
			);
		};
/* End PBXProject section */

/* Begin PBXResourcesBuildPhase section */
		0EEF48455A67C566A54184C3 /* Resources */ = {
			isa = PBXResourcesBuildPhase;
			buildActionMask = 2147483647;
			files = (
			);
			runOnlyForDeploymentPostprocessing = 0;
		};
		1D4CC80B38457564A9725FC6 /* Resources */ = {
			isa = PBXResourcesBuildPhase;
			buildActionMask = 2147483647;
			files = (
			);
			runOnlyForDeploymentPostprocessing = 0;
		};
		B89E6B9C9A018FD4F0309916 /* Resources */ = {
			isa = PBXResourcesBuildPhase;
			buildActionMask = 2147483647;
			files = (
			);
			runOnlyForDeploymentPostprocessing = 0;
		};
		BE9CEF47CFD162D2BD482263 /* Resources */ = {
			isa = PBXResourcesBuildPhase;
			buildActionMask = 2147483647;
			files = (
			);
			runOnlyForDeploymentPostprocessing = 0;
		};
/* End PBXResourcesBuildPhase section */

/* Begin PBXSourcesBuildPhase section */
		2B659F87E08C640ADB46B0F1 /* Sources */ = {
			isa = PBXSourcesBuildPhase;
			buildActionMask = 2147483647;
			files = (
			);
			runOnlyForDeploymentPostprocessing = 0;
		};
		87DCFD800C11E63AA66EAF50 /* Sources */ = {
			isa = PBXSourcesBuildPhase;
			buildActionMask = 2147483647;
			files = (
			);
			runOnlyForDeploymentPostprocessing = 0;
		};
		A11FE5FB513D49192CE8AF26 /* Sources */ = {
			isa = PBXSourcesBuildPhase;
			buildActionMask = 2147483647;
			files = (
				229A3B3F863B362D557EA12E /* AppDelegate.swift in Sources */,
				646FAB96BDF7C4D81F6264BF /* RegiBusinessOneViewController.swift in Sources */,
				54922674291BA813000D3173 /* CategoryPickerViewController.swift in Sources */,
				54F2979329177F1000F695EA /* AppDelegate.swift in Sources */,
				54F2979129177EF200F695EA /* RegiBusinessOneViewController.swift in Sources */,
			);
			runOnlyForDeploymentPostprocessing = 0;
		};
		E5F00A0D79FDE80EA85DBD71 /* Sources */ = {
			isa = PBXSourcesBuildPhase;
			buildActionMask = 2147483647;
			files = (
				CB27EF21229846803B2A3A77 /* AppDelegate.swift in Sources */,
				8355DE913F2D26EE619F865F /* RegiBusinessOneViewController.swift in Sources */,
				54922673291BA813000D3173 /* CategoryPickerViewController.swift in Sources */,
				54F2979229177F0F00F695EA /* AppDelegate.swift in Sources */,
				54F2979029177EF100F695EA /* RegiBusinessOneViewController.swift in Sources */,
			);
			runOnlyForDeploymentPostprocessing = 0;
		};
/* End PBXSourcesBuildPhase section */

/* Begin PBXTargetDependency section */
		46915D26578A05344045DDE1 /* PBXTargetDependency */ = {
			isa = PBXTargetDependency;
			name = RegisterBusinessDemoApp;
			target = 2349CF5F510EF8F6A9E726BF /* RegisterBusinessDemoApp */;
			targetProxy = BCF86499FC4CF7FABA707B87 /* PBXContainerItemProxy */;
		};
		56D16A31C6BF60C89CFBD3AC /* PBXTargetDependency */ = {
			isa = PBXTargetDependency;
			name = RegisterBusiness;
			target = 9E31F0FD5186241FA07F2892 /* RegisterBusiness */;
			targetProxy = 99075C8733D9DD7B88BA7F2A /* PBXContainerItemProxy */;
		};
		6B01EE4A6C686264A214BCC0 /* PBXTargetDependency */ = {
			isa = PBXTargetDependency;
			name = RegisterBusiness;
			target = 9E31F0FD5186241FA07F2892 /* RegisterBusiness */;
			targetProxy = 8EFD9FB0827801A930EA671A /* PBXContainerItemProxy */;
		};
/* End PBXTargetDependency section */

/* Begin XCBuildConfiguration section */
		07C4D0076581B423C5CAA5C3 /* Debug */ = {
			isa = XCBuildConfiguration;
			buildSettings = {
				ALWAYS_EMBED_SWIFT_STANDARD_LIBRARIES = YES;
				BUNDLE_LOADER = "$(TEST_HOST)";
				CLANG_ENABLE_MODULES = YES;
				CODE_SIGN_IDENTITY = "iPhone Developer";
				INFOPLIST_FILE = "Derived/InfoPlists/RegisterBusinessDemoAppTests-Info.plist";
				LD_RUNPATH_SEARCH_PATHS = (
					"$(inherited)",
					"@executable_path/Frameworks",
					"@loader_path/Frameworks",
				);
				OTHER_CFLAGS = (
					"$(inherited)",
					"-fmodule-map-file=$(SRCROOT)/../../Tuist/Dependencies/SwiftPackageManager/.build/checkouts/CwlCatchException/Sources/CwlCatchExceptionSupport/include/CwlCatchExceptionSupport.modulemap",
				);
				OTHER_SWIFT_FLAGS = "$(inherited) -Xcc -fmodule-map-file=$(SRCROOT)/../../Tuist/Dependencies/SwiftPackageManager/.build/checkouts/CwlCatchException/Sources/CwlCatchExceptionSupport/include/CwlCatchExceptionSupport.modulemap";
				PRODUCT_BUNDLE_IDENTIFIER = team.io.Tests;
				PRODUCT_NAME = RegisterBusinessDemoAppTests;
				SDKROOT = iphoneos;
				SWIFT_ACTIVE_COMPILATION_CONDITIONS = DEBUG;
				SWIFT_COMPILATION_MODE = singlefile;
				SWIFT_OPTIMIZATION_LEVEL = "-Onone";
				SWIFT_VERSION = 5.0;
				TARGETED_DEVICE_FAMILY = "1,2";
				TEST_HOST = "$(BUILT_PRODUCTS_DIR)/RegisterBusinessDemoApp.app/RegisterBusinessDemoApp";
				TEST_TARGET_NAME = RegisterBusinessDemoApp;
			};
			name = Debug;
		};
		0F8DBE2BC0476B94E43C3404 /* Release */ = {
			isa = XCBuildConfiguration;
			buildSettings = {
				ALWAYS_EMBED_SWIFT_STANDARD_LIBRARIES = YES;
				CODE_SIGN_IDENTITY = "iPhone Developer";
				INFOPLIST_FILE = "Derived/InfoPlists/RegisterBusinessTests-Info.plist";
				LD_RUNPATH_SEARCH_PATHS = (
					"$(inherited)",
					"@executable_path/Frameworks",
					"@loader_path/Frameworks",
				);
				OTHER_CFLAGS = (
					"$(inherited)",
					"-fmodule-map-file=$(SRCROOT)/../../Tuist/Dependencies/SwiftPackageManager/.build/checkouts/CwlCatchException/Sources/CwlCatchExceptionSupport/include/CwlCatchExceptionSupport.modulemap",
				);
				OTHER_SWIFT_FLAGS = "$(inherited) -Xcc -fmodule-map-file=$(SRCROOT)/../../Tuist/Dependencies/SwiftPackageManager/.build/checkouts/CwlCatchException/Sources/CwlCatchExceptionSupport/include/CwlCatchExceptionSupport.modulemap";
				PRODUCT_BUNDLE_IDENTIFIER = team.io.RegisterBusinessTests;
				PRODUCT_NAME = RegisterBusinessTests;
				SDKROOT = iphoneos;
				SWIFT_COMPILATION_MODE = wholemodule;
				SWIFT_OPTIMIZATION_LEVEL = "-Owholemodule";
				SWIFT_VERSION = 5.0;
				TARGETED_DEVICE_FAMILY = "1,2";
			};
			name = Release;
		};
		2085F8A1F58DD682D337E387 /* Debug */ = {
			isa = XCBuildConfiguration;
			buildSettings = {
				ALWAYS_EMBED_SWIFT_STANDARD_LIBRARIES = YES;
				CODE_SIGN_IDENTITY = "iPhone Developer";
				INFOPLIST_FILE = "Derived/InfoPlists/RegisterBusinessTests-Info.plist";
				LD_RUNPATH_SEARCH_PATHS = (
					"$(inherited)",
					"@executable_path/Frameworks",
					"@loader_path/Frameworks",
				);
				OTHER_CFLAGS = (
					"$(inherited)",
					"-fmodule-map-file=$(SRCROOT)/../../Tuist/Dependencies/SwiftPackageManager/.build/checkouts/CwlCatchException/Sources/CwlCatchExceptionSupport/include/CwlCatchExceptionSupport.modulemap",
				);
				OTHER_SWIFT_FLAGS = "$(inherited) -Xcc -fmodule-map-file=$(SRCROOT)/../../Tuist/Dependencies/SwiftPackageManager/.build/checkouts/CwlCatchException/Sources/CwlCatchExceptionSupport/include/CwlCatchExceptionSupport.modulemap";
				PRODUCT_BUNDLE_IDENTIFIER = team.io.RegisterBusinessTests;
				PRODUCT_NAME = RegisterBusinessTests;
				SDKROOT = iphoneos;
				SWIFT_ACTIVE_COMPILATION_CONDITIONS = DEBUG;
				SWIFT_COMPILATION_MODE = singlefile;
				SWIFT_OPTIMIZATION_LEVEL = "-Onone";
				SWIFT_VERSION = 5.0;
				TARGETED_DEVICE_FAMILY = "1,2";
			};
			name = Debug;
		};
		3CAEBA40C866BD2A98402472 /* Debug */ = {
			isa = XCBuildConfiguration;
			buildSettings = {
				ALWAYS_SEARCH_USER_PATHS = NO;
				CLANG_ANALYZER_LOCALIZABILITY_NONLOCALIZED = YES;
				CLANG_ANALYZER_NONNULL = YES;
				CLANG_ANALYZER_NUMBER_OBJECT_CONVERSION = YES_AGGRESSIVE;
				CLANG_CXX_LANGUAGE_STANDARD = "gnu++14";
				CLANG_CXX_LIBRARY = "libc++";
				CLANG_ENABLE_MODULES = YES;
				CLANG_ENABLE_OBJC_ARC = YES;
				CLANG_ENABLE_OBJC_WEAK = YES;
				CLANG_WARN_BLOCK_CAPTURE_AUTORELEASING = YES;
				CLANG_WARN_BOOL_CONVERSION = YES;
				CLANG_WARN_COMMA = YES;
				CLANG_WARN_CONSTANT_CONVERSION = YES;
				CLANG_WARN_DEPRECATED_OBJC_IMPLEMENTATIONS = YES;
				CLANG_WARN_DIRECT_OBJC_ISA_USAGE = YES_ERROR;
				CLANG_WARN_DOCUMENTATION_COMMENTS = YES;
				CLANG_WARN_EMPTY_BODY = YES;
				CLANG_WARN_ENUM_CONVERSION = YES;
				CLANG_WARN_INFINITE_RECURSION = YES;
				CLANG_WARN_INT_CONVERSION = YES;
				CLANG_WARN_NON_LITERAL_NULL_CONVERSION = YES;
				CLANG_WARN_OBJC_IMPLICIT_RETAIN_SELF = YES;
				CLANG_WARN_OBJC_LITERAL_CONVERSION = YES;
				CLANG_WARN_OBJC_ROOT_CLASS = YES_ERROR;
				CLANG_WARN_QUOTED_INCLUDE_IN_FRAMEWORK_HEADER = YES;
				CLANG_WARN_RANGE_LOOP_ANALYSIS = YES;
				CLANG_WARN_STRICT_PROTOTYPES = YES;
				CLANG_WARN_SUSPICIOUS_MOVE = YES;
				CLANG_WARN_UNGUARDED_AVAILABILITY = YES_AGGRESSIVE;
				CLANG_WARN_UNREACHABLE_CODE = YES;
				CLANG_WARN__DUPLICATE_METHOD_MATCH = YES;
				COPY_PHASE_STRIP = NO;
				DEAD_CODE_STRIPPING = YES;
				DEBUG_INFORMATION_FORMAT = dwarf;
				ENABLE_STRICT_OBJC_MSGSEND = YES;
				ENABLE_TESTABILITY = YES;
				GCC_C_LANGUAGE_STANDARD = gnu11;
				GCC_DYNAMIC_NO_PIC = NO;
				GCC_NO_COMMON_BLOCKS = YES;
				GCC_OPTIMIZATION_LEVEL = 0;
				GCC_PREPROCESSOR_DEFINITIONS = (
					"DEBUG=1",
					"$(inherited)",
				);
				GCC_WARN_64_TO_32_BIT_CONVERSION = YES;
				GCC_WARN_ABOUT_RETURN_TYPE = YES_ERROR;
				GCC_WARN_UNDECLARED_SELECTOR = YES;
				GCC_WARN_UNINITIALIZED_AUTOS = YES_AGGRESSIVE;
				GCC_WARN_UNUSED_FUNCTION = YES;
				GCC_WARN_UNUSED_VARIABLE = YES;
				MTL_ENABLE_DEBUG_INFO = YES;
				ONLY_ACTIVE_ARCH = YES;
				PRODUCT_NAME = "$(TARGET_NAME)";
			};
			name = Debug;
		};
		5618948634D2B86E84B0FEE5 /* Debug */ = {
			isa = XCBuildConfiguration;
			buildSettings = {
				ALWAYS_EMBED_SWIFT_STANDARD_LIBRARIES = YES;
				ASSETCATALOG_COMPILER_APPICON_NAME = AppIcon;
				CODE_SIGN_IDENTITY = "iPhone Developer";
				DEVELOPMENT_TEAM = 842FZARC28;
				ENABLE_PREVIEWS = YES;
				INFOPLIST_FILE = "Derived/InfoPlists/RegisterBusinessDemoApp-Info.plist";
				IPHONEOS_DEPLOYMENT_TARGET = 14.0;
				LD_RUNPATH_SEARCH_PATHS = (
					"$(inherited)",
					"@executable_path/Frameworks",
				);
				PRODUCT_BUNDLE_IDENTIFIER = team.io.RegisterBusinessDemoApp;
				PRODUCT_NAME = RegisterBusinessDemoApp;
				SDKROOT = iphoneos;
				SUPPORTS_MACCATALYST = NO;
				SWIFT_ACTIVE_COMPILATION_CONDITIONS = DEBUG;
				SWIFT_COMPILATION_MODE = singlefile;
				SWIFT_OPTIMIZATION_LEVEL = "-Onone";
				SWIFT_VERSION = 5.0;
				TARGETED_DEVICE_FAMILY = 1;
			};
			name = Debug;
		};
		5AB42948D344C616BCAB5834 /* Release */ = {
			isa = XCBuildConfiguration;
			buildSettings = {
				CODE_SIGN_IDENTITY = "";
				CURRENT_PROJECT_VERSION = 1;
				DEFINES_MODULE = YES;
				DYLIB_COMPATIBILITY_VERSION = 1;
				DYLIB_CURRENT_VERSION = 1;
				DYLIB_INSTALL_NAME_BASE = "@rpath";
				INFOPLIST_FILE = "Derived/InfoPlists/RegisterBusiness-Info.plist";
				INSTALL_PATH = "$(LOCAL_LIBRARY_DIR)/Frameworks";
				IPHONEOS_DEPLOYMENT_TARGET = 14.0;
				LD_RUNPATH_SEARCH_PATHS = (
					"$(inherited)",
					"@executable_path/Frameworks",
					"@loader_path/Frameworks",
				);
				PRODUCT_BUNDLE_IDENTIFIER = team.io.RegisterBusiness;
				PRODUCT_NAME = RegisterBusiness;
				SDKROOT = iphoneos;
				SKIP_INSTALL = YES;
				SUPPORTS_MACCATALYST = NO;
				SWIFT_COMPILATION_MODE = wholemodule;
				SWIFT_OPTIMIZATION_LEVEL = "-Owholemodule";
				SWIFT_VERSION = 5.0;
				TARGETED_DEVICE_FAMILY = 1;
				VERSIONING_SYSTEM = "apple-generic";
				VERSION_INFO_PREFIX = "";
			};
			name = Release;
		};
		6F2BCF40EBE713ABCE055554 /* Release */ = {
			isa = XCBuildConfiguration;
			buildSettings = {
				ALWAYS_EMBED_SWIFT_STANDARD_LIBRARIES = YES;
				BUNDLE_LOADER = "$(TEST_HOST)";
				CLANG_ENABLE_MODULES = YES;
				CODE_SIGN_IDENTITY = "iPhone Developer";
				INFOPLIST_FILE = "Derived/InfoPlists/RegisterBusinessDemoAppTests-Info.plist";
				LD_RUNPATH_SEARCH_PATHS = (
					"$(inherited)",
					"@executable_path/Frameworks",
					"@loader_path/Frameworks",
				);
				OTHER_CFLAGS = (
					"$(inherited)",
					"-fmodule-map-file=$(SRCROOT)/../../Tuist/Dependencies/SwiftPackageManager/.build/checkouts/CwlCatchException/Sources/CwlCatchExceptionSupport/include/CwlCatchExceptionSupport.modulemap",
				);
				OTHER_SWIFT_FLAGS = "$(inherited) -Xcc -fmodule-map-file=$(SRCROOT)/../../Tuist/Dependencies/SwiftPackageManager/.build/checkouts/CwlCatchException/Sources/CwlCatchExceptionSupport/include/CwlCatchExceptionSupport.modulemap";
				PRODUCT_BUNDLE_IDENTIFIER = team.io.Tests;
				PRODUCT_NAME = RegisterBusinessDemoAppTests;
				SDKROOT = iphoneos;
				SWIFT_COMPILATION_MODE = wholemodule;
				SWIFT_OPTIMIZATION_LEVEL = "-Owholemodule";
				SWIFT_VERSION = 5.0;
				TARGETED_DEVICE_FAMILY = "1,2";
				TEST_HOST = "$(BUILT_PRODUCTS_DIR)/RegisterBusinessDemoApp.app/RegisterBusinessDemoApp";
				TEST_TARGET_NAME = RegisterBusinessDemoApp;
			};
			name = Release;
		};
		72DC6A251DC67237776F43A9 /* Debug */ = {
			isa = XCBuildConfiguration;
			buildSettings = {
				CODE_SIGN_IDENTITY = "";
				CURRENT_PROJECT_VERSION = 1;
				DEFINES_MODULE = YES;
				DYLIB_COMPATIBILITY_VERSION = 1;
				DYLIB_CURRENT_VERSION = 1;
				DYLIB_INSTALL_NAME_BASE = "@rpath";
				INFOPLIST_FILE = "Derived/InfoPlists/RegisterBusiness-Info.plist";
				INSTALL_PATH = "$(LOCAL_LIBRARY_DIR)/Frameworks";
				IPHONEOS_DEPLOYMENT_TARGET = 14.0;
				LD_RUNPATH_SEARCH_PATHS = (
					"$(inherited)",
					"@executable_path/Frameworks",
					"@loader_path/Frameworks",
				);
				PRODUCT_BUNDLE_IDENTIFIER = team.io.RegisterBusiness;
				PRODUCT_NAME = RegisterBusiness;
				SDKROOT = iphoneos;
				SKIP_INSTALL = YES;
				SUPPORTS_MACCATALYST = NO;
				SWIFT_ACTIVE_COMPILATION_CONDITIONS = DEBUG;
				SWIFT_COMPILATION_MODE = singlefile;
				SWIFT_OPTIMIZATION_LEVEL = "-Onone";
				SWIFT_VERSION = 5.0;
				TARGETED_DEVICE_FAMILY = 1;
				VERSIONING_SYSTEM = "apple-generic";
				VERSION_INFO_PREFIX = "";
			};
			name = Debug;
		};
		E95BC5451050775EAACED73D /* Release */ = {
			isa = XCBuildConfiguration;
			buildSettings = {
				ALWAYS_EMBED_SWIFT_STANDARD_LIBRARIES = YES;
				ASSETCATALOG_COMPILER_APPICON_NAME = AppIcon;
				CODE_SIGN_IDENTITY = "iPhone Developer";
				DEVELOPMENT_TEAM = 842FZARC28;
				ENABLE_PREVIEWS = YES;
				INFOPLIST_FILE = "Derived/InfoPlists/RegisterBusinessDemoApp-Info.plist";
				IPHONEOS_DEPLOYMENT_TARGET = 14.0;
				LD_RUNPATH_SEARCH_PATHS = (
					"$(inherited)",
					"@executable_path/Frameworks",
				);
				PRODUCT_BUNDLE_IDENTIFIER = team.io.RegisterBusinessDemoApp;
				PRODUCT_NAME = RegisterBusinessDemoApp;
				SDKROOT = iphoneos;
				SUPPORTS_MACCATALYST = NO;
				SWIFT_COMPILATION_MODE = wholemodule;
				SWIFT_OPTIMIZATION_LEVEL = "-Owholemodule";
				SWIFT_VERSION = 5.0;
				TARGETED_DEVICE_FAMILY = 1;
			};
			name = Release;
		};
		EA47CC63B2C56076FC13456B /* Release */ = {
			isa = XCBuildConfiguration;
			buildSettings = {
				ALWAYS_SEARCH_USER_PATHS = NO;
				CLANG_ANALYZER_LOCALIZABILITY_NONLOCALIZED = YES;
				CLANG_ANALYZER_NONNULL = YES;
				CLANG_ANALYZER_NUMBER_OBJECT_CONVERSION = YES_AGGRESSIVE;
				CLANG_CXX_LANGUAGE_STANDARD = "gnu++14";
				CLANG_CXX_LIBRARY = "libc++";
				CLANG_ENABLE_MODULES = YES;
				CLANG_ENABLE_OBJC_ARC = YES;
				CLANG_ENABLE_OBJC_WEAK = YES;
				CLANG_WARN_BLOCK_CAPTURE_AUTORELEASING = YES;
				CLANG_WARN_BOOL_CONVERSION = YES;
				CLANG_WARN_COMMA = YES;
				CLANG_WARN_CONSTANT_CONVERSION = YES;
				CLANG_WARN_DEPRECATED_OBJC_IMPLEMENTATIONS = YES;
				CLANG_WARN_DIRECT_OBJC_ISA_USAGE = YES_ERROR;
				CLANG_WARN_DOCUMENTATION_COMMENTS = YES;
				CLANG_WARN_EMPTY_BODY = YES;
				CLANG_WARN_ENUM_CONVERSION = YES;
				CLANG_WARN_INFINITE_RECURSION = YES;
				CLANG_WARN_INT_CONVERSION = YES;
				CLANG_WARN_NON_LITERAL_NULL_CONVERSION = YES;
				CLANG_WARN_OBJC_IMPLICIT_RETAIN_SELF = YES;
				CLANG_WARN_OBJC_LITERAL_CONVERSION = YES;
				CLANG_WARN_OBJC_ROOT_CLASS = YES_ERROR;
				CLANG_WARN_QUOTED_INCLUDE_IN_FRAMEWORK_HEADER = YES;
				CLANG_WARN_RANGE_LOOP_ANALYSIS = YES;
				CLANG_WARN_STRICT_PROTOTYPES = YES;
				CLANG_WARN_SUSPICIOUS_MOVE = YES;
				CLANG_WARN_UNGUARDED_AVAILABILITY = YES_AGGRESSIVE;
				CLANG_WARN_UNREACHABLE_CODE = YES;
				CLANG_WARN__DUPLICATE_METHOD_MATCH = YES;
				COPY_PHASE_STRIP = NO;
				DEAD_CODE_STRIPPING = YES;
				DEBUG_INFORMATION_FORMAT = "dwarf-with-dsym";
				ENABLE_NS_ASSERTIONS = NO;
				ENABLE_STRICT_OBJC_MSGSEND = YES;
				GCC_C_LANGUAGE_STANDARD = gnu11;
				GCC_NO_COMMON_BLOCKS = YES;
				GCC_WARN_64_TO_32_BIT_CONVERSION = YES;
				GCC_WARN_ABOUT_RETURN_TYPE = YES_ERROR;
				GCC_WARN_UNDECLARED_SELECTOR = YES;
				GCC_WARN_UNINITIALIZED_AUTOS = YES_AGGRESSIVE;
				GCC_WARN_UNUSED_FUNCTION = YES;
				GCC_WARN_UNUSED_VARIABLE = YES;
				MTL_ENABLE_DEBUG_INFO = NO;
				PRODUCT_NAME = "$(TARGET_NAME)";
				VALIDATE_PRODUCT = YES;
			};
			name = Release;
		};
/* End XCBuildConfiguration section */

/* Begin XCConfigurationList section */
		18E524DD0499D574A3C27E5F /* Build configuration list for PBXNativeTarget "RegisterBusinessTests" */ = {
			isa = XCConfigurationList;
			buildConfigurations = (
				2085F8A1F58DD682D337E387 /* Debug */,
				0F8DBE2BC0476B94E43C3404 /* Release */,
			);
			defaultConfigurationIsVisible = 0;
			defaultConfigurationName = Release;
		};
		61413EDD03790C987BEE612C /* Build configuration list for PBXNativeTarget "RegisterBusinessDemoApp" */ = {
			isa = XCConfigurationList;
			buildConfigurations = (
				5618948634D2B86E84B0FEE5 /* Debug */,
				E95BC5451050775EAACED73D /* Release */,
			);
			defaultConfigurationIsVisible = 0;
			defaultConfigurationName = Release;
		};
		62B6D00CAF356B5CF9E56994 /* Build configuration list for PBXProject "RegisterBusiness" */ = {
			isa = XCConfigurationList;
			buildConfigurations = (
				3CAEBA40C866BD2A98402472 /* Debug */,
				EA47CC63B2C56076FC13456B /* Release */,
			);
			defaultConfigurationIsVisible = 0;
			defaultConfigurationName = Release;
		};
		BC513A1BA9BB6029368D027C /* Build configuration list for PBXNativeTarget "RegisterBusinessDemoAppTests" */ = {
			isa = XCConfigurationList;
			buildConfigurations = (
				07C4D0076581B423C5CAA5C3 /* Debug */,
				6F2BCF40EBE713ABCE055554 /* Release */,
			);
			defaultConfigurationIsVisible = 0;
			defaultConfigurationName = Release;
		};
		D39561EA63F3934B681B153A /* Build configuration list for PBXNativeTarget "RegisterBusiness" */ = {
			isa = XCConfigurationList;
			buildConfigurations = (
				72DC6A251DC67237776F43A9 /* Debug */,
				5AB42948D344C616BCAB5834 /* Release */,
			);
			defaultConfigurationIsVisible = 0;
			defaultConfigurationName = Release;
		};
/* End XCConfigurationList section */
	};
	rootObject = C6F05F9BD35B5912BCA00D36 /* Project object */;
}
