// !$*UTF8*$!
{
	archiveVersion = 1;
	classes = {
	};
	objectVersion = 50;
	objects = {

/* Begin PBXBuildFile section */
		03DA019B0AA4F23473619858 /* Nimble.framework in Frameworks */ = {isa = PBXBuildFile; fileRef = E3C1A3F221832CA7570F654F /* Nimble.framework */; platformFilter = ios; };
		04D80E67AC18A7D6707D4E63 /* RxTest.framework in Embed Frameworks */ = {isa = PBXBuildFile; fileRef = 319BCA2956429CB182D1E880 /* RxTest.framework */; platformFilter = ios; settings = {ATTRIBUTES = (CodeSignOnCopy, RemoveHeadersOnCopy, ); }; };
		0A91DB3DA31A719B2B672D26 /* Alamofire.framework in Embed Frameworks */ = {isa = PBXBuildFile; fileRef = BBF9B24B83D15A9AEA2B73D4 /* Alamofire.framework */; platformFilter = ios; settings = {ATTRIBUTES = (CodeSignOnCopy, RemoveHeadersOnCopy, ); }; };
		0C99C96FB4CD055309B65306 /* SnapKit.framework in Frameworks */ = {isa = PBXBuildFile; fileRef = 0DBBB53CF3EFEE97E5542561 /* SnapKit.framework */; platformFilter = ios; };
		11C01A125BC66BB195F0EF66 /* RxMoya.framework in Embed Frameworks */ = {isa = PBXBuildFile; fileRef = 6DD80513E13FF11703BC1D14 /* RxMoya.framework */; platformFilter = ios; settings = {ATTRIBUTES = (CodeSignOnCopy, RemoveHeadersOnCopy, ); }; };
		11F4FDA74CADB54E80873F8B /* ReactorKit.framework in Embed Frameworks */ = {isa = PBXBuildFile; fileRef = 3B1DB30BCF97B996AEC9D6C7 /* ReactorKit.framework */; platformFilter = ios; settings = {ATTRIBUTES = (CodeSignOnCopy, RemoveHeadersOnCopy, ); }; };
		1275E237B591D6C3E0009933 /* Nimble.framework in Frameworks */ = {isa = PBXBuildFile; fileRef = E3C1A3F221832CA7570F654F /* Nimble.framework */; platformFilter = ios; };
		1AAE47E119B76D9DCEF37A9B /* TuistBundle+FindUserInfoDemoApp.swift in Sources */ = {isa = PBXBuildFile; fileRef = D171D2B0EDB71F46748B764C /* TuistBundle+FindUserInfoDemoApp.swift */; };
		1EAFE46FFDB0B8C4BF2DB702 /* RxSwift.framework in Frameworks */ = {isa = PBXBuildFile; fileRef = C910049233F88716D9F36014 /* RxSwift.framework */; platformFilter = ios; };
		1F46B2FD24F520DCF60237B6 /* CwlCatchExceptionSupport.framework in Frameworks */ = {isa = PBXBuildFile; fileRef = 6FDBCD4244A291B244F74E46 /* CwlCatchExceptionSupport.framework */; platformFilter = ios; };
		214042E9E09689853C41E197 /* ResetPasswordViewController.swift in Sources */ = {isa = PBXBuildFile; fileRef = 62B160E64A587471DD00946F /* ResetPasswordViewController.swift */; };
		34405E32EF43E5CD16E42AD8 /* ResetPasswordReactor.swift in Sources */ = {isa = PBXBuildFile; fileRef = DD6C46D4B1B575120AC616D3 /* ResetPasswordReactor.swift */; };
		3932E21994E6818AFBE3322D /* Then.framework in Frameworks */ = {isa = PBXBuildFile; fileRef = 713A81A4095FC896833A0830 /* Then.framework */; platformFilter = ios; };
		3C3C992B38F823A6F9C19F88 /* TuistAssets+FindUserInfoDemoApp.swift in Sources */ = {isa = PBXBuildFile; fileRef = BFBBA4386FB7719B5B07AE36 /* TuistAssets+FindUserInfoDemoApp.swift */; };
		3CE5CF17F3355C59D809CA52 /* RxMoya.framework in Frameworks */ = {isa = PBXBuildFile; fileRef = 6DD80513E13FF11703BC1D14 /* RxMoya.framework */; platformFilter = ios; };
		4152EB7CE46A96A968B3CA70 /* CwlCatchExceptionSupport.framework in Frameworks */ = {isa = PBXBuildFile; fileRef = 6FDBCD4244A291B244F74E46 /* CwlCatchExceptionSupport.framework */; platformFilter = ios; };
		41E90483B1BD63897054342E /* CwlPosixPreconditionTesting.framework in Frameworks */ = {isa = PBXBuildFile; fileRef = D0DD0C1FBEBDDFA0E441A404 /* CwlPosixPreconditionTesting.framework */; platformFilter = ios; };
		433B5267F4AE7D9FB58EAD21 /* FindUserInfo.framework in Frameworks */ = {isa = PBXBuildFile; fileRef = 2931590C59722E95ECACE830 /* FindUserInfo.framework */; platformFilter = ios; };
		4675F3E26D3F4579F8848E24 /* FindUserInfoViewController.swift in Sources */ = {isa = PBXBuildFile; fileRef = D4E5EBC3567B8C7DE70C0D6F /* FindUserInfoViewController.swift */; };
		46F746BB90954733CA4E4F43 /* CwlCatchException.framework in Frameworks */ = {isa = PBXBuildFile; fileRef = C9964445DA7AA4C6120EA72E /* CwlCatchException.framework */; platformFilter = ios; };
		48AA231A01A8EE88B4BF5EF5 /* FindUserInfoReactor.swift in Sources */ = {isa = PBXBuildFile; fileRef = 6D62E8C42937EE045826A56D /* FindUserInfoReactor.swift */; };
		49CA9B21FA9F716503D5A4B7 /* RxNimble.framework in Frameworks */ = {isa = PBXBuildFile; fileRef = DE07F80DDDBFA12669DA0046 /* RxNimble.framework */; platformFilter = ios; };
		4B9CE92DBD5E904EDBEE0572 /* Then.framework in Embed Frameworks */ = {isa = PBXBuildFile; fileRef = 713A81A4095FC896833A0830 /* Then.framework */; platformFilter = ios; settings = {ATTRIBUTES = (CodeSignOnCopy, RemoveHeadersOnCopy, ); }; };
		5423AA4CE4545AADAC0F74D6 /* CwlPosixPreconditionTesting.framework in Frameworks */ = {isa = PBXBuildFile; fileRef = D0DD0C1FBEBDDFA0E441A404 /* CwlPosixPreconditionTesting.framework */; platformFilter = ios; };
		56BBB272DFE51FB232F1CEAB /* CwlPreconditionTesting.framework in Frameworks */ = {isa = PBXBuildFile; fileRef = 3086A57EAA1BDF107291888C /* CwlPreconditionTesting.framework */; platformFilter = ios; };
		59AE0BB35D170595ECF1453B /* Asset.xcassets in Resources */ = {isa = PBXBuildFile; fileRef = 5DC39F703CC5C1A8FBE3BEC1 /* Asset.xcassets */; };
		5D4965E2B27E9382C07237A2 /* RxCocoaRuntime.framework in Embed Frameworks */ = {isa = PBXBuildFile; fileRef = 391F34344EB3441028643B4C /* RxCocoaRuntime.framework */; platformFilter = ios; settings = {ATTRIBUTES = (CodeSignOnCopy, RemoveHeadersOnCopy, ); }; };
		6A9DC0D2E0BC6134E3A3AE5B /* FindUserInfoViewController.swift in Sources */ = {isa = PBXBuildFile; fileRef = D4E5EBC3567B8C7DE70C0D6F /* FindUserInfoViewController.swift */; };
		712207EDEB7EEB28AA7FC071 /* FindUserInfo.framework in Frameworks */ = {isa = PBXBuildFile; fileRef = 2931590C59722E95ECACE830 /* FindUserInfo.framework */; platformFilter = ios; };
		734B2D457F675AD7FF002945 /* BonMot.framework in Embed Frameworks */ = {isa = PBXBuildFile; fileRef = 0187685588388F82399D5BC9 /* BonMot.framework */; platformFilter = ios; settings = {ATTRIBUTES = (CodeSignOnCopy, RemoveHeadersOnCopy, ); }; };
		74E1E56F8DA6AD4C6F2DB6F1 /* FindPwView.swift in Sources */ = {isa = PBXBuildFile; fileRef = 5D5F5000168A3334D6AA8AB6 /* FindPwView.swift */; };
		78D5CA8F2503DFDA7FFD712E /* CommonUI.framework in Frameworks */ = {isa = PBXBuildFile; fileRef = 6C9203C5F46C25A5C0B7F68D /* CommonUI.framework */; platformFilter = ios; };
		7AF650129FA018914F4EB900 /* FindPwView.swift in Sources */ = {isa = PBXBuildFile; fileRef = 5D5F5000168A3334D6AA8AB6 /* FindPwView.swift */; };
		7DD3C2F6C34D0B13A37A0412 /* CwlPreconditionTesting.framework in Frameworks */ = {isa = PBXBuildFile; fileRef = 3086A57EAA1BDF107291888C /* CwlPreconditionTesting.framework */; platformFilter = ios; };
		7F924DA2A40291E6801981ED /* RxSwift.framework in Embed Frameworks */ = {isa = PBXBuildFile; fileRef = C910049233F88716D9F36014 /* RxSwift.framework */; platformFilter = ios; settings = {ATTRIBUTES = (CodeSignOnCopy, RemoveHeadersOnCopy, ); }; };
		86C48075B9A63F0D04DD610B /* Util.framework in Frameworks */ = {isa = PBXBuildFile; fileRef = 34A81B3D81189C239BAC8AA5 /* Util.framework */; platformFilter = ios; };
		87DD39DAE893C29565D8D958 /* RxSwift.framework in Frameworks */ = {isa = PBXBuildFile; fileRef = C910049233F88716D9F36014 /* RxSwift.framework */; platformFilter = ios; };
		918796D8CD19D57876D6BDD3 /* RxCocoa.framework in Frameworks */ = {isa = PBXBuildFile; fileRef = 7EF77E6C4AACE7D48DDE0355 /* RxCocoa.framework */; platformFilter = ios; };
		938F332BD13AC6EBE1760906 /* CwlCatchException.framework in Frameworks */ = {isa = PBXBuildFile; fileRef = C9964445DA7AA4C6120EA72E /* CwlCatchException.framework */; platformFilter = ios; };
		9E5741A93C2D2C96391B4E62 /* FindIdView.swift in Sources */ = {isa = PBXBuildFile; fileRef = C3071AE189CDA1FFC58A1672 /* FindIdView.swift */; };
		9F4A265598EFB38C6D86FE8F /* TuistAssets+FindUserInfo.swift in Sources */ = {isa = PBXBuildFile; fileRef = 25B477BFE616361BA40ACB26 /* TuistAssets+FindUserInfo.swift */; };
		9FA0430443C2CF4141D908A1 /* Util.framework in Embed Frameworks */ = {isa = PBXBuildFile; fileRef = 34A81B3D81189C239BAC8AA5 /* Util.framework */; platformFilter = ios; settings = {ATTRIBUTES = (CodeSignOnCopy, RemoveHeadersOnCopy, ); }; };
		A4529FDCB034204E16ECD42D /* RxBlocking.framework in Frameworks */ = {isa = PBXBuildFile; fileRef = 083758FF3D8D438593EF5F10 /* RxBlocking.framework */; platformFilter = ios; };
		A51CA6E249735BEB8ED7C5B1 /* Asset.xcassets in Resources */ = {isa = PBXBuildFile; fileRef = 5DC39F703CC5C1A8FBE3BEC1 /* Asset.xcassets */; };
		AD8666217AB2E98E10A76717 /* Moya.framework in Embed Frameworks */ = {isa = PBXBuildFile; fileRef = CED9CD3388A880EFBFB11A68 /* Moya.framework */; platformFilter = ios; settings = {ATTRIBUTES = (CodeSignOnCopy, RemoveHeadersOnCopy, ); }; };
		AFE7E5CDCC640054160A9672 /* Moya.framework in Frameworks */ = {isa = PBXBuildFile; fileRef = CED9CD3388A880EFBFB11A68 /* Moya.framework */; platformFilter = ios; };
		B4D6E0B7BF176E52E7E5528E /* FindIdView.swift in Sources */ = {isa = PBXBuildFile; fileRef = C3071AE189CDA1FFC58A1672 /* FindIdView.swift */; };
		B54E5C74D33EEFCE05B3763D /* AppDelegate.swift in Sources */ = {isa = PBXBuildFile; fileRef = D83E107DF53D84D920B409A2 /* AppDelegate.swift */; };
		B85B8144B7843FE1F9CF25DD /* ResetPasswordViewController.swift in Sources */ = {isa = PBXBuildFile; fileRef = 62B160E64A587471DD00946F /* ResetPasswordViewController.swift */; };
		B8F751528996AED778180AA8 /* BonMot.framework in Frameworks */ = {isa = PBXBuildFile; fileRef = 0187685588388F82399D5BC9 /* BonMot.framework */; platformFilter = ios; };
		B9CFC0EC5794E7E6759BF56A /* RxBlocking.framework in Frameworks */ = {isa = PBXBuildFile; fileRef = 083758FF3D8D438593EF5F10 /* RxBlocking.framework */; platformFilter = ios; };
		BEB4FFFF571653D63DDD22F3 /* RxTest.framework in Frameworks */ = {isa = PBXBuildFile; fileRef = 319BCA2956429CB182D1E880 /* RxTest.framework */; platformFilter = ios; };
		BFFE1EE2F44E0419E9B909D7 /* RxTest.framework in Frameworks */ = {isa = PBXBuildFile; fileRef = 319BCA2956429CB182D1E880 /* RxTest.framework */; platformFilter = ios; };
		C2C44992231588BD12A1BF61 /* CommonUI.framework in Embed Frameworks */ = {isa = PBXBuildFile; fileRef = 6C9203C5F46C25A5C0B7F68D /* CommonUI.framework */; platformFilter = ios; settings = {ATTRIBUTES = (CodeSignOnCopy, RemoveHeadersOnCopy, ); }; };
		C534B835076CB7C3FE847D53 /* RxBlocking.framework in Embed Frameworks */ = {isa = PBXBuildFile; fileRef = 083758FF3D8D438593EF5F10 /* RxBlocking.framework */; platformFilter = ios; settings = {ATTRIBUTES = (CodeSignOnCopy, RemoveHeadersOnCopy, ); }; };
		C777701A117AE0A0F37CF043 /* ResetPasswordReactor.swift in Sources */ = {isa = PBXBuildFile; fileRef = DD6C46D4B1B575120AC616D3 /* ResetPasswordReactor.swift */; };
		CB61BF560C88E9CBCA5E137B /* RxRelay.framework in Embed Frameworks */ = {isa = PBXBuildFile; fileRef = D384AE9DB05C9A0181E40326 /* RxRelay.framework */; platformFilter = ios; settings = {ATTRIBUTES = (CodeSignOnCopy, RemoveHeadersOnCopy, ); }; };
		DA39F2D3ECC67EF0A5EB47F9 /* RxSwift.framework in Frameworks */ = {isa = PBXBuildFile; fileRef = C910049233F88716D9F36014 /* RxSwift.framework */; platformFilter = ios; };
		DF2F5C4A7B30948F08F2E986 /* ReactorKit.framework in Frameworks */ = {isa = PBXBuildFile; fileRef = 3B1DB30BCF97B996AEC9D6C7 /* ReactorKit.framework */; platformFilter = ios; };
		DF92C6D6A14A95DB8BEC4058 /* CwlMachBadInstructionHandler.framework in Frameworks */ = {isa = PBXBuildFile; fileRef = B1CB081B4D73CEC5F30A1645 /* CwlMachBadInstructionHandler.framework */; platformFilter = ios; };
		E8DF9D4FDA795AF62B584FF3 /* FindUserInfo.framework in Embed Frameworks */ = {isa = PBXBuildFile; fileRef = 2931590C59722E95ECACE830 /* FindUserInfo.framework */; platformFilter = ios; settings = {ATTRIBUTES = (CodeSignOnCopy, RemoveHeadersOnCopy, ); }; };
		EBE87FACB138376BAB7F4BC9 /* CwlMachBadInstructionHandler.framework in Frameworks */ = {isa = PBXBuildFile; fileRef = B1CB081B4D73CEC5F30A1645 /* CwlMachBadInstructionHandler.framework */; platformFilter = ios; };
		F17805F98DFBF587B0D5F877 /* RxCocoa.framework in Embed Frameworks */ = {isa = PBXBuildFile; fileRef = 7EF77E6C4AACE7D48DDE0355 /* RxCocoa.framework */; platformFilter = ios; settings = {ATTRIBUTES = (CodeSignOnCopy, RemoveHeadersOnCopy, ); }; };
		F34D2D1FC4213FDFA031B339 /* FindUserInfoReactor.swift in Sources */ = {isa = PBXBuildFile; fileRef = 6D62E8C42937EE045826A56D /* FindUserInfoReactor.swift */; };
		F3EAC90ACF4B2EF9084EC2F6 /* RxNimble.framework in Frameworks */ = {isa = PBXBuildFile; fileRef = DE07F80DDDBFA12669DA0046 /* RxNimble.framework */; platformFilter = ios; };
		F4FA36C6987F93DEB9003BED /* TuistBundle+FindUserInfo.swift in Sources */ = {isa = PBXBuildFile; fileRef = 02ED21F5E82EE1FA3F126A39 /* TuistBundle+FindUserInfo.swift */; };
		FDD70DBB87754160D76F88A7 /* AppDelegate.swift in Sources */ = {isa = PBXBuildFile; fileRef = D83E107DF53D84D920B409A2 /* AppDelegate.swift */; };
/* End PBXBuildFile section */

/* Begin PBXContainerItemProxy section */
		47B76429DE387674DC6BA2DE /* PBXContainerItemProxy */ = {
			isa = PBXContainerItemProxy;
			containerPortal = 93A454A332BE63011BB0D3A2 /* Project object */;
			proxyType = 1;
			remoteGlobalIDString = ADDBEB1C771D19D7F93E002E;
			remoteInfo = FindUserInfo;
		};
		5A3C98062429018723178212 /* PBXContainerItemProxy */ = {
			isa = PBXContainerItemProxy;
			containerPortal = 93A454A332BE63011BB0D3A2 /* Project object */;
			proxyType = 1;
			remoteGlobalIDString = ADDBEB1C771D19D7F93E002E;
			remoteInfo = FindUserInfo;
		};
		9D5FFC196A4F3AFFD102596A /* PBXContainerItemProxy */ = {
			isa = PBXContainerItemProxy;
			containerPortal = 93A454A332BE63011BB0D3A2 /* Project object */;
			proxyType = 1;
			remoteGlobalIDString = BC11AB5662EE9D06F00E9A3E;
			remoteInfo = FindUserInfoDemoApp;
		};
/* End PBXContainerItemProxy section */

/* Begin PBXCopyFilesBuildPhase section */
		167392ECF2A8494564CB8621 /* Embed Frameworks */ = {
			isa = PBXCopyFilesBuildPhase;
			buildActionMask = 2147483647;
			dstPath = "";
			dstSubfolderSpec = 10;
			files = (
				C534B835076CB7C3FE847D53 /* RxBlocking.framework in Embed Frameworks */,
				04D80E67AC18A7D6707D4E63 /* RxTest.framework in Embed Frameworks */,
			);
			name = "Embed Frameworks";
			runOnlyForDeploymentPostprocessing = 0;
		};
		3145B999285480E7CED24565 /* Embed Frameworks */ = {
			isa = PBXCopyFilesBuildPhase;
			buildActionMask = 2147483647;
			dstPath = "";
			dstSubfolderSpec = 10;
			files = (
				0A91DB3DA31A719B2B672D26 /* Alamofire.framework in Embed Frameworks */,
				734B2D457F675AD7FF002945 /* BonMot.framework in Embed Frameworks */,
				C2C44992231588BD12A1BF61 /* CommonUI.framework in Embed Frameworks */,
				E8DF9D4FDA795AF62B584FF3 /* FindUserInfo.framework in Embed Frameworks */,
				AD8666217AB2E98E10A76717 /* Moya.framework in Embed Frameworks */,
				11F4FDA74CADB54E80873F8B /* ReactorKit.framework in Embed Frameworks */,
				F17805F98DFBF587B0D5F877 /* RxCocoa.framework in Embed Frameworks */,
				5D4965E2B27E9382C07237A2 /* RxCocoaRuntime.framework in Embed Frameworks */,
				11C01A125BC66BB195F0EF66 /* RxMoya.framework in Embed Frameworks */,
				CB61BF560C88E9CBCA5E137B /* RxRelay.framework in Embed Frameworks */,
				7F924DA2A40291E6801981ED /* RxSwift.framework in Embed Frameworks */,
				4B9CE92DBD5E904EDBEE0572 /* Then.framework in Embed Frameworks */,
				9FA0430443C2CF4141D908A1 /* Util.framework in Embed Frameworks */,
			);
			name = "Embed Frameworks";
			runOnlyForDeploymentPostprocessing = 0;
		};
		8A0ADECA91F834863E1F8B21 /* Embed Frameworks */ = {
			isa = PBXCopyFilesBuildPhase;
			buildActionMask = 2147483647;
			dstPath = "";
			dstSubfolderSpec = 10;
			files = (
			);
			name = "Embed Frameworks";
			runOnlyForDeploymentPostprocessing = 0;
		};
		9FFDACB192F028096A2C966A /* Embed Frameworks */ = {
			isa = PBXCopyFilesBuildPhase;
			buildActionMask = 2147483647;
			dstPath = "";
			dstSubfolderSpec = 10;
			files = (
			);
			name = "Embed Frameworks";
			runOnlyForDeploymentPostprocessing = 0;
		};
/* End PBXCopyFilesBuildPhase section */

/* Begin PBXFileReference section */
		0187685588388F82399D5BC9 /* BonMot.framework */ = {isa = PBXFileReference; explicitFileType = wrapper.framework; includeInIndex = 0; path = BonMot.framework; sourceTree = BUILT_PRODUCTS_DIR; };
		02ED21F5E82EE1FA3F126A39 /* TuistBundle+FindUserInfo.swift */ = {isa = PBXFileReference; lastKnownFileType = sourcecode.swift; path = "TuistBundle+FindUserInfo.swift"; sourceTree = "<group>"; };
		083758FF3D8D438593EF5F10 /* RxBlocking.framework */ = {isa = PBXFileReference; explicitFileType = wrapper.framework; includeInIndex = 0; path = RxBlocking.framework; sourceTree = BUILT_PRODUCTS_DIR; };
		0DBBB53CF3EFEE97E5542561 /* SnapKit.framework */ = {isa = PBXFileReference; explicitFileType = wrapper.framework; includeInIndex = 0; path = SnapKit.framework; sourceTree = BUILT_PRODUCTS_DIR; };
		12805A2032306837C71E5507 /* FindUserInfoDemoAppTests-Info.plist */ = {isa = PBXFileReference; lastKnownFileType = text.plist; path = "FindUserInfoDemoAppTests-Info.plist"; sourceTree = "<group>"; };
		25B477BFE616361BA40ACB26 /* TuistAssets+FindUserInfo.swift */ = {isa = PBXFileReference; lastKnownFileType = sourcecode.swift; path = "TuistAssets+FindUserInfo.swift"; sourceTree = "<group>"; };
		2931590C59722E95ECACE830 /* FindUserInfo.framework */ = {isa = PBXFileReference; explicitFileType = wrapper.framework; includeInIndex = 0; path = FindUserInfo.framework; sourceTree = BUILT_PRODUCTS_DIR; };
		3086A57EAA1BDF107291888C /* CwlPreconditionTesting.framework */ = {isa = PBXFileReference; explicitFileType = wrapper.framework; includeInIndex = 0; path = CwlPreconditionTesting.framework; sourceTree = BUILT_PRODUCTS_DIR; };
		319BCA2956429CB182D1E880 /* RxTest.framework */ = {isa = PBXFileReference; explicitFileType = wrapper.framework; includeInIndex = 0; path = RxTest.framework; sourceTree = BUILT_PRODUCTS_DIR; };
		34A81B3D81189C239BAC8AA5 /* Util.framework */ = {isa = PBXFileReference; explicitFileType = wrapper.framework; includeInIndex = 0; path = Util.framework; sourceTree = BUILT_PRODUCTS_DIR; };
		391F34344EB3441028643B4C /* RxCocoaRuntime.framework */ = {isa = PBXFileReference; explicitFileType = wrapper.framework; includeInIndex = 0; path = RxCocoaRuntime.framework; sourceTree = BUILT_PRODUCTS_DIR; };
		3B1DB30BCF97B996AEC9D6C7 /* ReactorKit.framework */ = {isa = PBXFileReference; explicitFileType = wrapper.framework; includeInIndex = 0; path = ReactorKit.framework; sourceTree = BUILT_PRODUCTS_DIR; };
		44B0D6A140CF23981172E5EB /* FindUserInfoDemoApp.app */ = {isa = PBXFileReference; explicitFileType = wrapper.application; includeInIndex = 0; path = FindUserInfoDemoApp.app; sourceTree = BUILT_PRODUCTS_DIR; };
		4DD9C0DD3C02F99E6BD1F76A /* FindUserInfoTests.xctest */ = {isa = PBXFileReference; explicitFileType = wrapper.cfbundle; includeInIndex = 0; path = FindUserInfoTests.xctest; sourceTree = BUILT_PRODUCTS_DIR; };
		5D5F5000168A3334D6AA8AB6 /* FindPwView.swift */ = {isa = PBXFileReference; lastKnownFileType = sourcecode.swift; path = FindPwView.swift; sourceTree = "<group>"; };
		5DC39F703CC5C1A8FBE3BEC1 /* Asset.xcassets */ = {isa = PBXFileReference; lastKnownFileType = folder.assetcatalog; path = Asset.xcassets; sourceTree = "<group>"; };
		62B160E64A587471DD00946F /* ResetPasswordViewController.swift */ = {isa = PBXFileReference; lastKnownFileType = sourcecode.swift; path = ResetPasswordViewController.swift; sourceTree = "<group>"; };
		6C9203C5F46C25A5C0B7F68D /* CommonUI.framework */ = {isa = PBXFileReference; explicitFileType = wrapper.framework; includeInIndex = 0; path = CommonUI.framework; sourceTree = BUILT_PRODUCTS_DIR; };
		6D62E8C42937EE045826A56D /* FindUserInfoReactor.swift */ = {isa = PBXFileReference; lastKnownFileType = sourcecode.swift; path = FindUserInfoReactor.swift; sourceTree = "<group>"; };
		6DD80513E13FF11703BC1D14 /* RxMoya.framework */ = {isa = PBXFileReference; explicitFileType = wrapper.framework; includeInIndex = 0; path = RxMoya.framework; sourceTree = BUILT_PRODUCTS_DIR; };
		6FDBCD4244A291B244F74E46 /* CwlCatchExceptionSupport.framework */ = {isa = PBXFileReference; explicitFileType = wrapper.framework; includeInIndex = 0; path = CwlCatchExceptionSupport.framework; sourceTree = BUILT_PRODUCTS_DIR; };
		713A81A4095FC896833A0830 /* Then.framework */ = {isa = PBXFileReference; explicitFileType = wrapper.framework; includeInIndex = 0; path = Then.framework; sourceTree = BUILT_PRODUCTS_DIR; };
		7EF77E6C4AACE7D48DDE0355 /* RxCocoa.framework */ = {isa = PBXFileReference; explicitFileType = wrapper.framework; includeInIndex = 0; path = RxCocoa.framework; sourceTree = BUILT_PRODUCTS_DIR; };
		9CC6F5527095A800799F3C48 /* FindUserInfo-Info.plist */ = {isa = PBXFileReference; lastKnownFileType = text.plist; path = "FindUserInfo-Info.plist"; sourceTree = "<group>"; };
		B1CB081B4D73CEC5F30A1645 /* CwlMachBadInstructionHandler.framework */ = {isa = PBXFileReference; explicitFileType = wrapper.framework; includeInIndex = 0; path = CwlMachBadInstructionHandler.framework; sourceTree = BUILT_PRODUCTS_DIR; };
		BBF9B24B83D15A9AEA2B73D4 /* Alamofire.framework */ = {isa = PBXFileReference; explicitFileType = wrapper.framework; includeInIndex = 0; path = Alamofire.framework; sourceTree = BUILT_PRODUCTS_DIR; };
		BFBBA4386FB7719B5B07AE36 /* TuistAssets+FindUserInfoDemoApp.swift */ = {isa = PBXFileReference; lastKnownFileType = sourcecode.swift; path = "TuistAssets+FindUserInfoDemoApp.swift"; sourceTree = "<group>"; };
		C3071AE189CDA1FFC58A1672 /* FindIdView.swift */ = {isa = PBXFileReference; lastKnownFileType = sourcecode.swift; path = FindIdView.swift; sourceTree = "<group>"; };
		C8D67AA706D2B1D48C89162A /* FindUserInfoDemoApp-Info.plist */ = {isa = PBXFileReference; lastKnownFileType = text.plist; path = "FindUserInfoDemoApp-Info.plist"; sourceTree = "<group>"; };
		C910049233F88716D9F36014 /* RxSwift.framework */ = {isa = PBXFileReference; explicitFileType = wrapper.framework; includeInIndex = 0; path = RxSwift.framework; sourceTree = BUILT_PRODUCTS_DIR; };
		C9964445DA7AA4C6120EA72E /* CwlCatchException.framework */ = {isa = PBXFileReference; explicitFileType = wrapper.framework; includeInIndex = 0; path = CwlCatchException.framework; sourceTree = BUILT_PRODUCTS_DIR; };
		CA9DEE5DAB7428DDAEBD38F2 /* FindUserInfoTests-Info.plist */ = {isa = PBXFileReference; lastKnownFileType = text.plist; path = "FindUserInfoTests-Info.plist"; sourceTree = "<group>"; };
		CED9CD3388A880EFBFB11A68 /* Moya.framework */ = {isa = PBXFileReference; explicitFileType = wrapper.framework; includeInIndex = 0; path = Moya.framework; sourceTree = BUILT_PRODUCTS_DIR; };
		D0DD0C1FBEBDDFA0E441A404 /* CwlPosixPreconditionTesting.framework */ = {isa = PBXFileReference; explicitFileType = wrapper.framework; includeInIndex = 0; path = CwlPosixPreconditionTesting.framework; sourceTree = BUILT_PRODUCTS_DIR; };
		D171D2B0EDB71F46748B764C /* TuistBundle+FindUserInfoDemoApp.swift */ = {isa = PBXFileReference; lastKnownFileType = sourcecode.swift; path = "TuistBundle+FindUserInfoDemoApp.swift"; sourceTree = "<group>"; };
		D384AE9DB05C9A0181E40326 /* RxRelay.framework */ = {isa = PBXFileReference; explicitFileType = wrapper.framework; includeInIndex = 0; path = RxRelay.framework; sourceTree = BUILT_PRODUCTS_DIR; };
		D4E5EBC3567B8C7DE70C0D6F /* FindUserInfoViewController.swift */ = {isa = PBXFileReference; lastKnownFileType = sourcecode.swift; path = FindUserInfoViewController.swift; sourceTree = "<group>"; };
		D83E107DF53D84D920B409A2 /* AppDelegate.swift */ = {isa = PBXFileReference; lastKnownFileType = sourcecode.swift; path = AppDelegate.swift; sourceTree = "<group>"; };
		DD6C46D4B1B575120AC616D3 /* ResetPasswordReactor.swift */ = {isa = PBXFileReference; lastKnownFileType = sourcecode.swift; path = ResetPasswordReactor.swift; sourceTree = "<group>"; };
		DE07F80DDDBFA12669DA0046 /* RxNimble.framework */ = {isa = PBXFileReference; explicitFileType = wrapper.framework; includeInIndex = 0; path = RxNimble.framework; sourceTree = BUILT_PRODUCTS_DIR; };
		E3C1A3F221832CA7570F654F /* Nimble.framework */ = {isa = PBXFileReference; explicitFileType = wrapper.framework; includeInIndex = 0; path = Nimble.framework; sourceTree = BUILT_PRODUCTS_DIR; };
		F7FAAE3569BD5D205B21DE7D /* FindUserInfoDemoAppTests.xctest */ = {isa = PBXFileReference; explicitFileType = wrapper.cfbundle; includeInIndex = 0; path = FindUserInfoDemoAppTests.xctest; sourceTree = BUILT_PRODUCTS_DIR; };
/* End PBXFileReference section */

/* Begin PBXFrameworksBuildPhase section */
		5179A25D2D44AE663C26ADF8 /* Frameworks */ = {
			isa = PBXFrameworksBuildPhase;
			buildActionMask = 2147483647;
			files = (
				46F746BB90954733CA4E4F43 /* CwlCatchException.framework in Frameworks */,
				4152EB7CE46A96A968B3CA70 /* CwlCatchExceptionSupport.framework in Frameworks */,
				DF92C6D6A14A95DB8BEC4058 /* CwlMachBadInstructionHandler.framework in Frameworks */,
				41E90483B1BD63897054342E /* CwlPosixPreconditionTesting.framework in Frameworks */,
				56BBB272DFE51FB232F1CEAB /* CwlPreconditionTesting.framework in Frameworks */,
				433B5267F4AE7D9FB58EAD21 /* FindUserInfo.framework in Frameworks */,
				03DA019B0AA4F23473619858 /* Nimble.framework in Frameworks */,
				A4529FDCB034204E16ECD42D /* RxBlocking.framework in Frameworks */,
				49CA9B21FA9F716503D5A4B7 /* RxNimble.framework in Frameworks */,
				1EAFE46FFDB0B8C4BF2DB702 /* RxSwift.framework in Frameworks */,
				BEB4FFFF571653D63DDD22F3 /* RxTest.framework in Frameworks */,
			);
			runOnlyForDeploymentPostprocessing = 0;
		};
		7C49C2CB16959D84C1D48C01 /* Frameworks */ = {
			isa = PBXFrameworksBuildPhase;
			buildActionMask = 2147483647;
			files = (
				938F332BD13AC6EBE1760906 /* CwlCatchException.framework in Frameworks */,
				1F46B2FD24F520DCF60237B6 /* CwlCatchExceptionSupport.framework in Frameworks */,
				EBE87FACB138376BAB7F4BC9 /* CwlMachBadInstructionHandler.framework in Frameworks */,
				5423AA4CE4545AADAC0F74D6 /* CwlPosixPreconditionTesting.framework in Frameworks */,
				7DD3C2F6C34D0B13A37A0412 /* CwlPreconditionTesting.framework in Frameworks */,
				1275E237B591D6C3E0009933 /* Nimble.framework in Frameworks */,
				B9CFC0EC5794E7E6759BF56A /* RxBlocking.framework in Frameworks */,
				F3EAC90ACF4B2EF9084EC2F6 /* RxNimble.framework in Frameworks */,
				87DD39DAE893C29565D8D958 /* RxSwift.framework in Frameworks */,
				BFFE1EE2F44E0419E9B909D7 /* RxTest.framework in Frameworks */,
			);
			runOnlyForDeploymentPostprocessing = 0;
		};
		C2FBFE88A805FCE1A78537C6 /* Frameworks */ = {
			isa = PBXFrameworksBuildPhase;
			buildActionMask = 2147483647;
			files = (
				B8F751528996AED778180AA8 /* BonMot.framework in Frameworks */,
				78D5CA8F2503DFDA7FFD712E /* CommonUI.framework in Frameworks */,
				AFE7E5CDCC640054160A9672 /* Moya.framework in Frameworks */,
				DF2F5C4A7B30948F08F2E986 /* ReactorKit.framework in Frameworks */,
				918796D8CD19D57876D6BDD3 /* RxCocoa.framework in Frameworks */,
				3CE5CF17F3355C59D809CA52 /* RxMoya.framework in Frameworks */,
				DA39F2D3ECC67EF0A5EB47F9 /* RxSwift.framework in Frameworks */,
				0C99C96FB4CD055309B65306 /* SnapKit.framework in Frameworks */,
				3932E21994E6818AFBE3322D /* Then.framework in Frameworks */,
				86C48075B9A63F0D04DD610B /* Util.framework in Frameworks */,
			);
			runOnlyForDeploymentPostprocessing = 0;
		};
		E74CC7A154AA8FE09BFA7FD4 /* Frameworks */ = {
			isa = PBXFrameworksBuildPhase;
			buildActionMask = 2147483647;
			files = (
				712207EDEB7EEB28AA7FC071 /* FindUserInfo.framework in Frameworks */,
			);
			runOnlyForDeploymentPostprocessing = 0;
		};
/* End PBXFrameworksBuildPhase section */

/* Begin PBXGroup section */
		1CD3B569F924EB11A82831DC /* Project */ = {
			isa = PBXGroup;
			children = (
				5706DAD6033FCE89F24720BF /* Derived */,
				22106DD756B53C9CEFB09878 /* Resources */,
				F1F1070B54697A3DC37E7067 /* Sources */,
			);
			name = Project;
			sourceTree = "<group>";
		};
		22106DD756B53C9CEFB09878 /* Resources */ = {
			isa = PBXGroup;
			children = (
				5DC39F703CC5C1A8FBE3BEC1 /* Asset.xcassets */,
			);
			path = Resources;
			sourceTree = "<group>";
		};
		2E5DB9485ADFD379F7A3F297 /* InfoPlists */ = {
			isa = PBXGroup;
			children = (
				9CC6F5527095A800799F3C48 /* FindUserInfo-Info.plist */,
				C8D67AA706D2B1D48C89162A /* FindUserInfoDemoApp-Info.plist */,
				12805A2032306837C71E5507 /* FindUserInfoDemoAppTests-Info.plist */,
				CA9DEE5DAB7428DDAEBD38F2 /* FindUserInfoTests-Info.plist */,
			);
			path = InfoPlists;
			sourceTree = "<group>";
		};
		35F592FF9E85F057F6493F6A = {
			isa = PBXGroup;
			children = (
				1CD3B569F924EB11A82831DC /* Project */,
				BDC62ACA40E4AD47631AD221 /* Frameworks */,
				58106D1454A13CC3564914B1 /* Products */,
			);
			sourceTree = "<group>";
		};
		54B8BD4DA343B24BCA70AE77 /* Views */ = {
			isa = PBXGroup;
			children = (
				C3071AE189CDA1FFC58A1672 /* FindIdView.swift */,
				5D5F5000168A3334D6AA8AB6 /* FindPwView.swift */,
			);
			path = Views;
			sourceTree = "<group>";
		};
		5706DAD6033FCE89F24720BF /* Derived */ = {
			isa = PBXGroup;
			children = (
				2E5DB9485ADFD379F7A3F297 /* InfoPlists */,
				8EB925E168E504F9234CA01E /* Sources */,
			);
			path = Derived;
			sourceTree = "<group>";
		};
		58106D1454A13CC3564914B1 /* Products */ = {
			isa = PBXGroup;
			children = (
				BBF9B24B83D15A9AEA2B73D4 /* Alamofire.framework */,
				0187685588388F82399D5BC9 /* BonMot.framework */,
				6C9203C5F46C25A5C0B7F68D /* CommonUI.framework */,
				C9964445DA7AA4C6120EA72E /* CwlCatchException.framework */,
				6FDBCD4244A291B244F74E46 /* CwlCatchExceptionSupport.framework */,
				B1CB081B4D73CEC5F30A1645 /* CwlMachBadInstructionHandler.framework */,
				D0DD0C1FBEBDDFA0E441A404 /* CwlPosixPreconditionTesting.framework */,
				3086A57EAA1BDF107291888C /* CwlPreconditionTesting.framework */,
				2931590C59722E95ECACE830 /* FindUserInfo.framework */,
				44B0D6A140CF23981172E5EB /* FindUserInfoDemoApp.app */,
				F7FAAE3569BD5D205B21DE7D /* FindUserInfoDemoAppTests.xctest */,
				4DD9C0DD3C02F99E6BD1F76A /* FindUserInfoTests.xctest */,
				CED9CD3388A880EFBFB11A68 /* Moya.framework */,
				E3C1A3F221832CA7570F654F /* Nimble.framework */,
				3B1DB30BCF97B996AEC9D6C7 /* ReactorKit.framework */,
				083758FF3D8D438593EF5F10 /* RxBlocking.framework */,
				7EF77E6C4AACE7D48DDE0355 /* RxCocoa.framework */,
				391F34344EB3441028643B4C /* RxCocoaRuntime.framework */,
				6DD80513E13FF11703BC1D14 /* RxMoya.framework */,
				DE07F80DDDBFA12669DA0046 /* RxNimble.framework */,
				D384AE9DB05C9A0181E40326 /* RxRelay.framework */,
				C910049233F88716D9F36014 /* RxSwift.framework */,
				319BCA2956429CB182D1E880 /* RxTest.framework */,
				0DBBB53CF3EFEE97E5542561 /* SnapKit.framework */,
				713A81A4095FC896833A0830 /* Then.framework */,
				34A81B3D81189C239BAC8AA5 /* Util.framework */,
			);
			name = Products;
			sourceTree = "<group>";
		};
		8EB925E168E504F9234CA01E /* Sources */ = {
			isa = PBXGroup;
			children = (
				25B477BFE616361BA40ACB26 /* TuistAssets+FindUserInfo.swift */,
				BFBBA4386FB7719B5B07AE36 /* TuistAssets+FindUserInfoDemoApp.swift */,
				02ED21F5E82EE1FA3F126A39 /* TuistBundle+FindUserInfo.swift */,
				D171D2B0EDB71F46748B764C /* TuistBundle+FindUserInfoDemoApp.swift */,
			);
			path = Sources;
			sourceTree = "<group>";
		};
		AA13ED3C235337E4721DCB62 /* Scene */ = {
			isa = PBXGroup;
			children = (
				54B8BD4DA343B24BCA70AE77 /* Views */,
				6D62E8C42937EE045826A56D /* FindUserInfoReactor.swift */,
				D4E5EBC3567B8C7DE70C0D6F /* FindUserInfoViewController.swift */,
				DD6C46D4B1B575120AC616D3 /* ResetPasswordReactor.swift */,
				62B160E64A587471DD00946F /* ResetPasswordViewController.swift */,
			);
			path = Scene;
			sourceTree = "<group>";
		};
		BDC62ACA40E4AD47631AD221 /* Frameworks */ = {
			isa = PBXGroup;
			children = (
			);
			name = Frameworks;
			sourceTree = "<group>";
		};
		F1F1070B54697A3DC37E7067 /* Sources */ = {
			isa = PBXGroup;
			children = (
				AA13ED3C235337E4721DCB62 /* Scene */,
				D83E107DF53D84D920B409A2 /* AppDelegate.swift */,
			);
			path = Sources;
			sourceTree = "<group>";
		};
/* End PBXGroup section */

/* Begin PBXNativeTarget section */
		1F02545CBAD84A4693B86FB5 /* FindUserInfoDemoAppTests */ = {
			isa = PBXNativeTarget;
			buildConfigurationList = E2AE85BEC14BF18146CA0F7B /* Build configuration list for PBXNativeTarget "FindUserInfoDemoAppTests" */;
			buildPhases = (
				1F0D31484A3E1CADA69F0026 /* Sources */,
				1DF9800FBDDE4E06404EF221 /* Resources */,
				167392ECF2A8494564CB8621 /* Embed Frameworks */,
				7C49C2CB16959D84C1D48C01 /* Frameworks */,
			);
			buildRules = (
			);
			dependencies = (
				B61C07863265BED6D936D435 /* PBXTargetDependency */,
			);
			name = FindUserInfoDemoAppTests;
			productName = FindUserInfoDemoAppTests;
			productReference = F7FAAE3569BD5D205B21DE7D /* FindUserInfoDemoAppTests.xctest */;
			productType = "com.apple.product-type.bundle.unit-test";
		};
		5B2096E17537636111ACEC3C /* FindUserInfoTests */ = {
			isa = PBXNativeTarget;
			buildConfigurationList = 99268B25F4C24000506D57BE /* Build configuration list for PBXNativeTarget "FindUserInfoTests" */;
			buildPhases = (
				C2DF1A6EFBD73082DBF560D3 /* Sources */,
				E85B40321E3C7354E31FD08F /* Resources */,
				8A0ADECA91F834863E1F8B21 /* Embed Frameworks */,
				5179A25D2D44AE663C26ADF8 /* Frameworks */,
			);
			buildRules = (
			);
			dependencies = (
				CF554AD9F19D3BA7DBF10B80 /* PBXTargetDependency */,
			);
			name = FindUserInfoTests;
			productName = FindUserInfoTests;
			productReference = 4DD9C0DD3C02F99E6BD1F76A /* FindUserInfoTests.xctest */;
			productType = "com.apple.product-type.bundle.unit-test";
		};
		ADDBEB1C771D19D7F93E002E /* FindUserInfo */ = {
			isa = PBXNativeTarget;
			buildConfigurationList = 2136498AB05EA80B520CB4C4 /* Build configuration list for PBXNativeTarget "FindUserInfo" */;
			buildPhases = (
				6E499A2C2BFBAE91CB15025B /* Sources */,
				4F2C84BE15F877F21CA9D96E /* Resources */,
				9FFDACB192F028096A2C966A /* Embed Frameworks */,
				C2FBFE88A805FCE1A78537C6 /* Frameworks */,
			);
			buildRules = (
			);
			dependencies = (
			);
			name = FindUserInfo;
			productName = FindUserInfo;
			productReference = 2931590C59722E95ECACE830 /* FindUserInfo.framework */;
			productType = "com.apple.product-type.framework";
		};
		BC11AB5662EE9D06F00E9A3E /* FindUserInfoDemoApp */ = {
			isa = PBXNativeTarget;
			buildConfigurationList = 221AE0D281853EDCB09123FC /* Build configuration list for PBXNativeTarget "FindUserInfoDemoApp" */;
			buildPhases = (
				2D4AC3BF372965A0D3619587 /* Sources */,
				0D0BC328DA51C608567DD006 /* Resources */,
				3145B999285480E7CED24565 /* Embed Frameworks */,
				E74CC7A154AA8FE09BFA7FD4 /* Frameworks */,
			);
			buildRules = (
			);
			dependencies = (
				96347FFB2014DDB59A38C472 /* PBXTargetDependency */,
			);
			name = FindUserInfoDemoApp;
			productName = FindUserInfoDemoApp;
			productReference = 44B0D6A140CF23981172E5EB /* FindUserInfoDemoApp.app */;
			productType = "com.apple.product-type.application";
		};
/* End PBXNativeTarget section */

/* Begin PBXProject section */
		93A454A332BE63011BB0D3A2 /* Project object */ = {
			isa = PBXProject;
			attributes = {
				ORGANIZATIONNAME = team.io;
				TargetAttributes = {
					1F02545CBAD84A4693B86FB5 = {
						TestTargetID = BC11AB5662EE9D06F00E9A3E;
					};
				};
			};
			buildConfigurationList = 854CACC77D058EDB9226DAE8 /* Build configuration list for PBXProject "FindUserInfo" */;
			compatibilityVersion = "Xcode 13.0";
			developmentRegion = en;
			hasScannedForEncodings = 0;
			knownRegions = (
				Base,
				en,
			);
			mainGroup = 35F592FF9E85F057F6493F6A;
			productRefGroup = 58106D1454A13CC3564914B1 /* Products */;
			projectDirPath = "";
			projectRoot = "";
			targets = (
				ADDBEB1C771D19D7F93E002E /* FindUserInfo */,
				5B2096E17537636111ACEC3C /* FindUserInfoTests */,
				BC11AB5662EE9D06F00E9A3E /* FindUserInfoDemoApp */,
				1F02545CBAD84A4693B86FB5 /* FindUserInfoDemoAppTests */,
			);
		};
/* End PBXProject section */

/* Begin PBXResourcesBuildPhase section */
		0D0BC328DA51C608567DD006 /* Resources */ = {
			isa = PBXResourcesBuildPhase;
			buildActionMask = 2147483647;
			files = (
				59AE0BB35D170595ECF1453B /* Asset.xcassets in Resources */,
			);
			runOnlyForDeploymentPostprocessing = 0;
		};
		1DF9800FBDDE4E06404EF221 /* Resources */ = {
			isa = PBXResourcesBuildPhase;
			buildActionMask = 2147483647;
			files = (
			);
			runOnlyForDeploymentPostprocessing = 0;
		};
		4F2C84BE15F877F21CA9D96E /* Resources */ = {
			isa = PBXResourcesBuildPhase;
			buildActionMask = 2147483647;
			files = (
				A51CA6E249735BEB8ED7C5B1 /* Asset.xcassets in Resources */,
			);
			runOnlyForDeploymentPostprocessing = 0;
		};
		E85B40321E3C7354E31FD08F /* Resources */ = {
			isa = PBXResourcesBuildPhase;
			buildActionMask = 2147483647;
			files = (
			);
			runOnlyForDeploymentPostprocessing = 0;
		};
/* End PBXResourcesBuildPhase section */

/* Begin PBXSourcesBuildPhase section */
		1F0D31484A3E1CADA69F0026 /* Sources */ = {
			isa = PBXSourcesBuildPhase;
			buildActionMask = 2147483647;
			files = (
			);
			runOnlyForDeploymentPostprocessing = 0;
		};
		2D4AC3BF372965A0D3619587 /* Sources */ = {
			isa = PBXSourcesBuildPhase;
			buildActionMask = 2147483647;
			files = (
				3C3C992B38F823A6F9C19F88 /* TuistAssets+FindUserInfoDemoApp.swift in Sources */,
				1AAE47E119B76D9DCEF37A9B /* TuistBundle+FindUserInfoDemoApp.swift in Sources */,
				FDD70DBB87754160D76F88A7 /* AppDelegate.swift in Sources */,
				48AA231A01A8EE88B4BF5EF5 /* FindUserInfoReactor.swift in Sources */,
				4675F3E26D3F4579F8848E24 /* FindUserInfoViewController.swift in Sources */,
				C777701A117AE0A0F37CF043 /* ResetPasswordReactor.swift in Sources */,
				B85B8144B7843FE1F9CF25DD /* ResetPasswordViewController.swift in Sources */,
				B4D6E0B7BF176E52E7E5528E /* FindIdView.swift in Sources */,
				74E1E56F8DA6AD4C6F2DB6F1 /* FindPwView.swift in Sources */,
			);
			runOnlyForDeploymentPostprocessing = 0;
		};
		6E499A2C2BFBAE91CB15025B /* Sources */ = {
			isa = PBXSourcesBuildPhase;
			buildActionMask = 2147483647;
			files = (
				9F4A265598EFB38C6D86FE8F /* TuistAssets+FindUserInfo.swift in Sources */,
				F4FA36C6987F93DEB9003BED /* TuistBundle+FindUserInfo.swift in Sources */,
				B54E5C74D33EEFCE05B3763D /* AppDelegate.swift in Sources */,
				F34D2D1FC4213FDFA031B339 /* FindUserInfoReactor.swift in Sources */,
				6A9DC0D2E0BC6134E3A3AE5B /* FindUserInfoViewController.swift in Sources */,
				34405E32EF43E5CD16E42AD8 /* ResetPasswordReactor.swift in Sources */,
				214042E9E09689853C41E197 /* ResetPasswordViewController.swift in Sources */,
				9E5741A93C2D2C96391B4E62 /* FindIdView.swift in Sources */,
				7AF650129FA018914F4EB900 /* FindPwView.swift in Sources */,
			);
			runOnlyForDeploymentPostprocessing = 0;
		};
		C2DF1A6EFBD73082DBF560D3 /* Sources */ = {
			isa = PBXSourcesBuildPhase;
			buildActionMask = 2147483647;
			files = (
			);
			runOnlyForDeploymentPostprocessing = 0;
		};
/* End PBXSourcesBuildPhase section */

/* Begin PBXTargetDependency section */
		96347FFB2014DDB59A38C472 /* PBXTargetDependency */ = {
			isa = PBXTargetDependency;
			name = FindUserInfo;
			target = ADDBEB1C771D19D7F93E002E /* FindUserInfo */;
			targetProxy = 47B76429DE387674DC6BA2DE /* PBXContainerItemProxy */;
		};
		B61C07863265BED6D936D435 /* PBXTargetDependency */ = {
			isa = PBXTargetDependency;
			name = FindUserInfoDemoApp;
			target = BC11AB5662EE9D06F00E9A3E /* FindUserInfoDemoApp */;
			targetProxy = 9D5FFC196A4F3AFFD102596A /* PBXContainerItemProxy */;
		};
		CF554AD9F19D3BA7DBF10B80 /* PBXTargetDependency */ = {
			isa = PBXTargetDependency;
			name = FindUserInfo;
			target = ADDBEB1C771D19D7F93E002E /* FindUserInfo */;
			targetProxy = 5A3C98062429018723178212 /* PBXContainerItemProxy */;
		};
/* End PBXTargetDependency section */

/* Begin XCBuildConfiguration section */
		1DC0728A4E505ACFC5B9CE90 /* Release */ = {
			isa = XCBuildConfiguration;
			buildSettings = {
				BUNDLE_LOADER = "$(TEST_HOST)";
				CODE_SIGN_IDENTITY = "iPhone Developer";
				INFOPLIST_FILE = "Derived/InfoPlists/FindUserInfoDemoAppTests-Info.plist";
				LD_RUNPATH_SEARCH_PATHS = (
					"$(inherited)",
					"@executable_path/Frameworks",
					"@loader_path/Frameworks",
				);
				OTHER_CFLAGS = (
					"$(inherited)",
					"-fmodule-map-file=$(SRCROOT)/../../Tuist/Dependencies/SwiftPackageManager/.build/checkouts/CwlCatchException/Sources/CwlCatchExceptionSupport/include/CwlCatchExceptionSupport.modulemap",
				);
				OTHER_SWIFT_FLAGS = (
					"$(inherited)",
					"-Xcc",
					"-fmodule-map-file=$(SRCROOT)/../../Tuist/Dependencies/SwiftPackageManager/.build/checkouts/CwlCatchException/Sources/CwlCatchExceptionSupport/include/CwlCatchExceptionSupport.modulemap",
				);
				PRODUCT_BUNDLE_IDENTIFIER = team.io.Tests;
				PRODUCT_NAME = FindUserInfoDemoAppTests;
				SDKROOT = iphoneos;
				SWIFT_COMPILATION_MODE = wholemodule;
				SWIFT_OPTIMIZATION_LEVEL = "-Owholemodule";
				SWIFT_VERSION = 5.0;
				TARGETED_DEVICE_FAMILY = "1,2";
				TEST_HOST = "$(BUILT_PRODUCTS_DIR)/FindUserInfoDemoApp.app/FindUserInfoDemoApp";
				TEST_TARGET_NAME = FindUserInfoDemoApp;
			};
			name = Release;
		};
		2601FC779312E56D5243FCD0 /* Debug */ = {
			isa = XCBuildConfiguration;
			buildSettings = {
				ALWAYS_SEARCH_USER_PATHS = NO;
				CLANG_ANALYZER_LOCALIZABILITY_NONLOCALIZED = YES;
				CLANG_ANALYZER_NONNULL = YES;
				CLANG_ANALYZER_NUMBER_OBJECT_CONVERSION = YES_AGGRESSIVE;
				CLANG_CXX_LANGUAGE_STANDARD = "gnu++14";
				CLANG_CXX_LIBRARY = "libc++";
				CLANG_ENABLE_MODULES = YES;
				CLANG_ENABLE_OBJC_ARC = YES;
				CLANG_ENABLE_OBJC_WEAK = YES;
				CLANG_WARN_BLOCK_CAPTURE_AUTORELEASING = YES;
				CLANG_WARN_BOOL_CONVERSION = YES;
				CLANG_WARN_COMMA = YES;
				CLANG_WARN_CONSTANT_CONVERSION = YES;
				CLANG_WARN_DEPRECATED_OBJC_IMPLEMENTATIONS = YES;
				CLANG_WARN_DIRECT_OBJC_ISA_USAGE = YES_ERROR;
				CLANG_WARN_DOCUMENTATION_COMMENTS = YES;
				CLANG_WARN_EMPTY_BODY = YES;
				CLANG_WARN_ENUM_CONVERSION = YES;
				CLANG_WARN_INFINITE_RECURSION = YES;
				CLANG_WARN_INT_CONVERSION = YES;
				CLANG_WARN_NON_LITERAL_NULL_CONVERSION = YES;
				CLANG_WARN_OBJC_IMPLICIT_RETAIN_SELF = YES;
				CLANG_WARN_OBJC_LITERAL_CONVERSION = YES;
				CLANG_WARN_OBJC_ROOT_CLASS = YES_ERROR;
				CLANG_WARN_QUOTED_INCLUDE_IN_FRAMEWORK_HEADER = YES;
				CLANG_WARN_RANGE_LOOP_ANALYSIS = YES;
				CLANG_WARN_STRICT_PROTOTYPES = YES;
				CLANG_WARN_SUSPICIOUS_MOVE = YES;
				CLANG_WARN_UNGUARDED_AVAILABILITY = YES_AGGRESSIVE;
				CLANG_WARN_UNREACHABLE_CODE = YES;
				CLANG_WARN__DUPLICATE_METHOD_MATCH = YES;
				COPY_PHASE_STRIP = NO;
				DEAD_CODE_STRIPPING = YES;
				DEBUG_INFORMATION_FORMAT = dwarf;
				ENABLE_STRICT_OBJC_MSGSEND = YES;
				ENABLE_TESTABILITY = YES;
				GCC_C_LANGUAGE_STANDARD = gnu11;
				GCC_DYNAMIC_NO_PIC = NO;
				GCC_NO_COMMON_BLOCKS = YES;
				GCC_OPTIMIZATION_LEVEL = 0;
				GCC_PREPROCESSOR_DEFINITIONS = (
					"DEBUG=1",
					"$(inherited)",
				);
				GCC_WARN_64_TO_32_BIT_CONVERSION = YES;
				GCC_WARN_ABOUT_RETURN_TYPE = YES_ERROR;
				GCC_WARN_UNDECLARED_SELECTOR = YES;
				GCC_WARN_UNINITIALIZED_AUTOS = YES_AGGRESSIVE;
				GCC_WARN_UNUSED_FUNCTION = YES;
				GCC_WARN_UNUSED_VARIABLE = YES;
				MTL_ENABLE_DEBUG_INFO = YES;
				ONLY_ACTIVE_ARCH = YES;
				PRODUCT_NAME = "$(TARGET_NAME)";
			};
			name = Debug;
		};
		3B255B7849E8EB56A6DBFC55 /* Debug */ = {
			isa = XCBuildConfiguration;
			buildSettings = {
				CODE_SIGN_IDENTITY = "";
				CURRENT_PROJECT_VERSION = 1;
				DEFINES_MODULE = YES;
				DYLIB_COMPATIBILITY_VERSION = 1;
				DYLIB_CURRENT_VERSION = 1;
				DYLIB_INSTALL_NAME_BASE = "@rpath";
				INFOPLIST_FILE = "Derived/InfoPlists/FindUserInfo-Info.plist";
				INSTALL_PATH = "$(LOCAL_LIBRARY_DIR)/Frameworks";
				IPHONEOS_DEPLOYMENT_TARGET = 14.0;
				LD_RUNPATH_SEARCH_PATHS = (
					"$(inherited)",
					"@executable_path/Frameworks",
					"@loader_path/Frameworks",
				);
				PRODUCT_BUNDLE_IDENTIFIER = team.io.FindUserInfo;
				PRODUCT_NAME = FindUserInfo;
				SDKROOT = iphoneos;
				SKIP_INSTALL = YES;
				SUPPORTS_MACCATALYST = NO;
				SWIFT_ACTIVE_COMPILATION_CONDITIONS = DEBUG;
				SWIFT_COMPILATION_MODE = singlefile;
				SWIFT_OPTIMIZATION_LEVEL = "-Onone";
				SWIFT_VERSION = 5.0;
				TARGETED_DEVICE_FAMILY = 1;
				VERSIONING_SYSTEM = "apple-generic";
				VERSION_INFO_PREFIX = "";
			};
			name = Debug;
		};
		524F057C376A0A27D8B430D8 /* Debug */ = {
			isa = XCBuildConfiguration;
			buildSettings = {
				CODE_SIGN_IDENTITY = "iPhone Developer";
				INFOPLIST_FILE = "Derived/InfoPlists/FindUserInfoTests-Info.plist";
				LD_RUNPATH_SEARCH_PATHS = (
					"$(inherited)",
					"@executable_path/Frameworks",
					"@loader_path/Frameworks",
				);
				OTHER_CFLAGS = (
					"$(inherited)",
					"-fmodule-map-file=$(SRCROOT)/../../Tuist/Dependencies/SwiftPackageManager/.build/checkouts/CwlCatchException/Sources/CwlCatchExceptionSupport/include/CwlCatchExceptionSupport.modulemap",
				);
				OTHER_SWIFT_FLAGS = (
					"$(inherited)",
					"-Xcc",
					"-fmodule-map-file=$(SRCROOT)/../../Tuist/Dependencies/SwiftPackageManager/.build/checkouts/CwlCatchException/Sources/CwlCatchExceptionSupport/include/CwlCatchExceptionSupport.modulemap",
				);
				PRODUCT_BUNDLE_IDENTIFIER = team.io.FindUserInfoTests;
				PRODUCT_NAME = FindUserInfoTests;
				SDKROOT = iphoneos;
				SWIFT_ACTIVE_COMPILATION_CONDITIONS = DEBUG;
				SWIFT_COMPILATION_MODE = singlefile;
				SWIFT_OPTIMIZATION_LEVEL = "-Onone";
				SWIFT_VERSION = 5.0;
				TARGETED_DEVICE_FAMILY = "1,2";
			};
			name = Debug;
		};
		5E129C5C82A26D91CC4D3C39 /* Release */ = {
			isa = XCBuildConfiguration;
			buildSettings = {
				CODE_SIGN_IDENTITY = "iPhone Developer";
				INFOPLIST_FILE = "Derived/InfoPlists/FindUserInfoTests-Info.plist";
				LD_RUNPATH_SEARCH_PATHS = (
					"$(inherited)",
					"@executable_path/Frameworks",
					"@loader_path/Frameworks",
				);
				OTHER_CFLAGS = (
					"$(inherited)",
					"-fmodule-map-file=$(SRCROOT)/../../Tuist/Dependencies/SwiftPackageManager/.build/checkouts/CwlCatchException/Sources/CwlCatchExceptionSupport/include/CwlCatchExceptionSupport.modulemap",
				);
				OTHER_SWIFT_FLAGS = (
					"$(inherited)",
					"-Xcc",
					"-fmodule-map-file=$(SRCROOT)/../../Tuist/Dependencies/SwiftPackageManager/.build/checkouts/CwlCatchException/Sources/CwlCatchExceptionSupport/include/CwlCatchExceptionSupport.modulemap",
				);
				PRODUCT_BUNDLE_IDENTIFIER = team.io.FindUserInfoTests;
				PRODUCT_NAME = FindUserInfoTests;
				SDKROOT = iphoneos;
				SWIFT_COMPILATION_MODE = wholemodule;
				SWIFT_OPTIMIZATION_LEVEL = "-Owholemodule";
				SWIFT_VERSION = 5.0;
				TARGETED_DEVICE_FAMILY = "1,2";
			};
			name = Release;
		};
		7A1D42C90999F852A5AAD2E8 /* Debug */ = {
			isa = XCBuildConfiguration;
			buildSettings = {
				BUNDLE_LOADER = "$(TEST_HOST)";
				CODE_SIGN_IDENTITY = "iPhone Developer";
				INFOPLIST_FILE = "Derived/InfoPlists/FindUserInfoDemoAppTests-Info.plist";
				LD_RUNPATH_SEARCH_PATHS = (
					"$(inherited)",
					"@executable_path/Frameworks",
					"@loader_path/Frameworks",
				);
				OTHER_CFLAGS = (
					"$(inherited)",
					"-fmodule-map-file=$(SRCROOT)/../../Tuist/Dependencies/SwiftPackageManager/.build/checkouts/CwlCatchException/Sources/CwlCatchExceptionSupport/include/CwlCatchExceptionSupport.modulemap",
				);
				OTHER_SWIFT_FLAGS = (
					"$(inherited)",
					"-Xcc",
					"-fmodule-map-file=$(SRCROOT)/../../Tuist/Dependencies/SwiftPackageManager/.build/checkouts/CwlCatchException/Sources/CwlCatchExceptionSupport/include/CwlCatchExceptionSupport.modulemap",
				);
				PRODUCT_BUNDLE_IDENTIFIER = team.io.Tests;
				PRODUCT_NAME = FindUserInfoDemoAppTests;
				SDKROOT = iphoneos;
				SWIFT_ACTIVE_COMPILATION_CONDITIONS = DEBUG;
				SWIFT_COMPILATION_MODE = singlefile;
				SWIFT_OPTIMIZATION_LEVEL = "-Onone";
				SWIFT_VERSION = 5.0;
				TARGETED_DEVICE_FAMILY = "1,2";
				TEST_HOST = "$(BUILT_PRODUCTS_DIR)/FindUserInfoDemoApp.app/FindUserInfoDemoApp";
				TEST_TARGET_NAME = FindUserInfoDemoApp;
			};
			name = Debug;
		};
		968F10684D7538DA0A1BFCEC /* Release */ = {
			isa = XCBuildConfiguration;
			buildSettings = {
				CODE_SIGN_IDENTITY = "";
				CURRENT_PROJECT_VERSION = 1;
				DEFINES_MODULE = YES;
				DYLIB_COMPATIBILITY_VERSION = 1;
				DYLIB_CURRENT_VERSION = 1;
				DYLIB_INSTALL_NAME_BASE = "@rpath";
				INFOPLIST_FILE = "Derived/InfoPlists/FindUserInfo-Info.plist";
				INSTALL_PATH = "$(LOCAL_LIBRARY_DIR)/Frameworks";
				IPHONEOS_DEPLOYMENT_TARGET = 14.0;
				LD_RUNPATH_SEARCH_PATHS = (
					"$(inherited)",
					"@executable_path/Frameworks",
					"@loader_path/Frameworks",
				);
				PRODUCT_BUNDLE_IDENTIFIER = team.io.FindUserInfo;
				PRODUCT_NAME = FindUserInfo;
				SDKROOT = iphoneos;
				SKIP_INSTALL = YES;
				SUPPORTS_MACCATALYST = NO;
				SWIFT_COMPILATION_MODE = wholemodule;
				SWIFT_OPTIMIZATION_LEVEL = "-Owholemodule";
				SWIFT_VERSION = 5.0;
				TARGETED_DEVICE_FAMILY = 1;
				VERSIONING_SYSTEM = "apple-generic";
				VERSION_INFO_PREFIX = "";
			};
			name = Release;
		};
		AC01041715BBF612F5C321EC /* Debug */ = {
			isa = XCBuildConfiguration;
			buildSettings = {
				ASSETCATALOG_COMPILER_APPICON_NAME = AppIcon;
				CODE_SIGN_IDENTITY = "iPhone Developer";
				ENABLE_PREVIEWS = YES;
				INFOPLIST_FILE = "Derived/InfoPlists/FindUserInfoDemoApp-Info.plist";
				IPHONEOS_DEPLOYMENT_TARGET = 14.0;
				LD_RUNPATH_SEARCH_PATHS = (
					"$(inherited)",
					"@executable_path/Frameworks",
				);
				PRODUCT_BUNDLE_IDENTIFIER = team.io.FindUserInfoDemoApp;
				PRODUCT_NAME = FindUserInfoDemoApp;
				SDKROOT = iphoneos;
				SUPPORTS_MACCATALYST = NO;
				SWIFT_ACTIVE_COMPILATION_CONDITIONS = DEBUG;
				SWIFT_COMPILATION_MODE = singlefile;
				SWIFT_OPTIMIZATION_LEVEL = "-Onone";
				SWIFT_VERSION = 5.0;
				TARGETED_DEVICE_FAMILY = 1;
			};
			name = Debug;
		};
		E36FF3EAD39C99C9CCEFC085 /* Release */ = {
			isa = XCBuildConfiguration;
			buildSettings = {
				ASSETCATALOG_COMPILER_APPICON_NAME = AppIcon;
				CODE_SIGN_IDENTITY = "iPhone Developer";
				ENABLE_PREVIEWS = YES;
				INFOPLIST_FILE = "Derived/InfoPlists/FindUserInfoDemoApp-Info.plist";
				IPHONEOS_DEPLOYMENT_TARGET = 14.0;
				LD_RUNPATH_SEARCH_PATHS = (
					"$(inherited)",
					"@executable_path/Frameworks",
				);
				PRODUCT_BUNDLE_IDENTIFIER = team.io.FindUserInfoDemoApp;
				PRODUCT_NAME = FindUserInfoDemoApp;
				SDKROOT = iphoneos;
				SUPPORTS_MACCATALYST = NO;
				SWIFT_COMPILATION_MODE = wholemodule;
				SWIFT_OPTIMIZATION_LEVEL = "-Owholemodule";
				SWIFT_VERSION = 5.0;
				TARGETED_DEVICE_FAMILY = 1;
			};
			name = Release;
		};
		F1AF73C0CDA2EF5D449B0661 /* Release */ = {
			isa = XCBuildConfiguration;
			buildSettings = {
				ALWAYS_SEARCH_USER_PATHS = NO;
				CLANG_ANALYZER_LOCALIZABILITY_NONLOCALIZED = YES;
				CLANG_ANALYZER_NONNULL = YES;
				CLANG_ANALYZER_NUMBER_OBJECT_CONVERSION = YES_AGGRESSIVE;
				CLANG_CXX_LANGUAGE_STANDARD = "gnu++14";
				CLANG_CXX_LIBRARY = "libc++";
				CLANG_ENABLE_MODULES = YES;
				CLANG_ENABLE_OBJC_ARC = YES;
				CLANG_ENABLE_OBJC_WEAK = YES;
				CLANG_WARN_BLOCK_CAPTURE_AUTORELEASING = YES;
				CLANG_WARN_BOOL_CONVERSION = YES;
				CLANG_WARN_COMMA = YES;
				CLANG_WARN_CONSTANT_CONVERSION = YES;
				CLANG_WARN_DEPRECATED_OBJC_IMPLEMENTATIONS = YES;
				CLANG_WARN_DIRECT_OBJC_ISA_USAGE = YES_ERROR;
				CLANG_WARN_DOCUMENTATION_COMMENTS = YES;
				CLANG_WARN_EMPTY_BODY = YES;
				CLANG_WARN_ENUM_CONVERSION = YES;
				CLANG_WARN_INFINITE_RECURSION = YES;
				CLANG_WARN_INT_CONVERSION = YES;
				CLANG_WARN_NON_LITERAL_NULL_CONVERSION = YES;
				CLANG_WARN_OBJC_IMPLICIT_RETAIN_SELF = YES;
				CLANG_WARN_OBJC_LITERAL_CONVERSION = YES;
				CLANG_WARN_OBJC_ROOT_CLASS = YES_ERROR;
				CLANG_WARN_QUOTED_INCLUDE_IN_FRAMEWORK_HEADER = YES;
				CLANG_WARN_RANGE_LOOP_ANALYSIS = YES;
				CLANG_WARN_STRICT_PROTOTYPES = YES;
				CLANG_WARN_SUSPICIOUS_MOVE = YES;
				CLANG_WARN_UNGUARDED_AVAILABILITY = YES_AGGRESSIVE;
				CLANG_WARN_UNREACHABLE_CODE = YES;
				CLANG_WARN__DUPLICATE_METHOD_MATCH = YES;
				COPY_PHASE_STRIP = NO;
				DEAD_CODE_STRIPPING = YES;
				DEBUG_INFORMATION_FORMAT = "dwarf-with-dsym";
				ENABLE_NS_ASSERTIONS = NO;
				ENABLE_STRICT_OBJC_MSGSEND = YES;
				GCC_C_LANGUAGE_STANDARD = gnu11;
				GCC_NO_COMMON_BLOCKS = YES;
				GCC_WARN_64_TO_32_BIT_CONVERSION = YES;
				GCC_WARN_ABOUT_RETURN_TYPE = YES_ERROR;
				GCC_WARN_UNDECLARED_SELECTOR = YES;
				GCC_WARN_UNINITIALIZED_AUTOS = YES_AGGRESSIVE;
				GCC_WARN_UNUSED_FUNCTION = YES;
				GCC_WARN_UNUSED_VARIABLE = YES;
				MTL_ENABLE_DEBUG_INFO = NO;
				PRODUCT_NAME = "$(TARGET_NAME)";
				VALIDATE_PRODUCT = YES;
			};
			name = Release;
		};
/* End XCBuildConfiguration section */

/* Begin XCConfigurationList section */
		2136498AB05EA80B520CB4C4 /* Build configuration list for PBXNativeTarget "FindUserInfo" */ = {
			isa = XCConfigurationList;
			buildConfigurations = (
				3B255B7849E8EB56A6DBFC55 /* Debug */,
				968F10684D7538DA0A1BFCEC /* Release */,
			);
			defaultConfigurationIsVisible = 0;
			defaultConfigurationName = Release;
		};
		221AE0D281853EDCB09123FC /* Build configuration list for PBXNativeTarget "FindUserInfoDemoApp" */ = {
			isa = XCConfigurationList;
			buildConfigurations = (
				AC01041715BBF612F5C321EC /* Debug */,
				E36FF3EAD39C99C9CCEFC085 /* Release */,
			);
			defaultConfigurationIsVisible = 0;
			defaultConfigurationName = Release;
		};
		854CACC77D058EDB9226DAE8 /* Build configuration list for PBXProject "FindUserInfo" */ = {
			isa = XCConfigurationList;
			buildConfigurations = (
				2601FC779312E56D5243FCD0 /* Debug */,
				F1AF73C0CDA2EF5D449B0661 /* Release */,
			);
			defaultConfigurationIsVisible = 0;
			defaultConfigurationName = Release;
		};
		99268B25F4C24000506D57BE /* Build configuration list for PBXNativeTarget "FindUserInfoTests" */ = {
			isa = XCConfigurationList;
			buildConfigurations = (
				524F057C376A0A27D8B430D8 /* Debug */,
				5E129C5C82A26D91CC4D3C39 /* Release */,
			);
			defaultConfigurationIsVisible = 0;
			defaultConfigurationName = Release;
		};
		E2AE85BEC14BF18146CA0F7B /* Build configuration list for PBXNativeTarget "FindUserInfoDemoAppTests" */ = {
			isa = XCConfigurationList;
			buildConfigurations = (
				7A1D42C90999F852A5AAD2E8 /* Debug */,
				1DC0728A4E505ACFC5B9CE90 /* Release */,
			);
			defaultConfigurationIsVisible = 0;
			defaultConfigurationName = Release;
		};
/* End XCConfigurationList section */
	};
	rootObject = 93A454A332BE63011BB0D3A2 /* Project object */;
}
